// !$*UTF8*$!
{
	archiveVersion = 1;
	classes = {
	};
	objectVersion = 55;
	objects = {

/* Begin PBXBuildFile section */
		5704780B28844AA500A676EB /* Tests_iOS.swift in Sources */ = {isa = PBXBuildFile; fileRef = 5704780A28844AA500A676EB /* Tests_iOS.swift */; };
		5704780D28844AA500A676EB /* Tests_iOSLaunchTests.swift in Sources */ = {isa = PBXBuildFile; fileRef = 5704780C28844AA500A676EB /* Tests_iOSLaunchTests.swift */; };
		5704781728844AA500A676EB /* Tests_macOS.swift in Sources */ = {isa = PBXBuildFile; fileRef = 5704781628844AA500A676EB /* Tests_macOS.swift */; };
		5704781928844AA500A676EB /* Tests_macOSLaunchTests.swift in Sources */ = {isa = PBXBuildFile; fileRef = 5704781828844AA500A676EB /* Tests_macOSLaunchTests.swift */; };
		5704781A28844AA500A676EB /* woodycamera.xcdatamodeld in Sources */ = {isa = PBXBuildFile; fileRef = 570477EF28844AA200A676EB /* woodycamera.xcdatamodeld */; };
		5704781B28844AA500A676EB /* woodycamera.xcdatamodeld in Sources */ = {isa = PBXBuildFile; fileRef = 570477EF28844AA200A676EB /* woodycamera.xcdatamodeld */; };
		5704781C28844AA500A676EB /* woodycameraApp.swift in Sources */ = {isa = PBXBuildFile; fileRef = 570477F128844AA200A676EB /* woodycameraApp.swift */; };
		5704781D28844AA500A676EB /* woodycameraApp.swift in Sources */ = {isa = PBXBuildFile; fileRef = 570477F128844AA200A676EB /* woodycameraApp.swift */; };
		5704781E28844AA500A676EB /* ContentView.swift in Sources */ = {isa = PBXBuildFile; fileRef = 570477F228844AA200A676EB /* ContentView.swift */; };
		5704781F28844AA500A676EB /* ContentView.swift in Sources */ = {isa = PBXBuildFile; fileRef = 570477F228844AA200A676EB /* ContentView.swift */; };
		5704782028844AA500A676EB /* Persistence.swift in Sources */ = {isa = PBXBuildFile; fileRef = 570477F328844AA200A676EB /* Persistence.swift */; };
		5704782128844AA500A676EB /* Persistence.swift in Sources */ = {isa = PBXBuildFile; fileRef = 570477F328844AA200A676EB /* Persistence.swift */; };
		5704782228844AA500A676EB /* Assets.xcassets in Resources */ = {isa = PBXBuildFile; fileRef = 570477F428844AA500A676EB /* Assets.xcassets */; };
		5704782328844AA500A676EB /* Assets.xcassets in Resources */ = {isa = PBXBuildFile; fileRef = 570477F428844AA500A676EB /* Assets.xcassets */; };
		57047852288527FC00A676EB /* GridView.swift in Sources */ = {isa = PBXBuildFile; fileRef = 57047851288527FC00A676EB /* GridView.swift */; };
		57047853288527FC00A676EB /* GridView.swift in Sources */ = {isa = PBXBuildFile; fileRef = 57047851288527FC00A676EB /* GridView.swift */; };
		570478552885281400A676EB /* DataModel.swift in Sources */ = {isa = PBXBuildFile; fileRef = 570478542885281400A676EB /* DataModel.swift */; };
		570478562885281400A676EB /* DataModel.swift in Sources */ = {isa = PBXBuildFile; fileRef = 570478542885281400A676EB /* DataModel.swift */; };
		570478582885285400A676EB /* ImageItem.swift in Sources */ = {isa = PBXBuildFile; fileRef = 570478572885285400A676EB /* ImageItem.swift */; };
		570478592885285400A676EB /* ImageItem.swift in Sources */ = {isa = PBXBuildFile; fileRef = 570478572885285400A676EB /* ImageItem.swift */; };
		5704785B28852B2F00A676EB /* DetailView.swift in Sources */ = {isa = PBXBuildFile; fileRef = 5704785A28852B2F00A676EB /* DetailView.swift */; };
		5704785C28852B2F00A676EB /* DetailView.swift in Sources */ = {isa = PBXBuildFile; fileRef = 5704785A28852B2F00A676EB /* DetailView.swift */; };
		5704785E28852BC500A676EB /* GridItemView.swift in Sources */ = {isa = PBXBuildFile; fileRef = 5704785D28852BC500A676EB /* GridItemView.swift */; };
		5704785F28852BC500A676EB /* GridItemView.swift in Sources */ = {isa = PBXBuildFile; fileRef = 5704785D28852BC500A676EB /* GridItemView.swift */; };
		570478612885A74400A676EB /* ColorExtention.swift in Sources */ = {isa = PBXBuildFile; fileRef = 570478602885A74400A676EB /* ColorExtention.swift */; };
		570478622885A74400A676EB /* ColorExtention.swift in Sources */ = {isa = PBXBuildFile; fileRef = 570478602885A74400A676EB /* ColorExtention.swift */; };
		570478672886EF3600A676EB /* ModelItem.swift in Sources */ = {isa = PBXBuildFile; fileRef = 570478662886EF3600A676EB /* ModelItem.swift */; };
		570478682886EF3600A676EB /* ModelItem.swift in Sources */ = {isa = PBXBuildFile; fileRef = 570478662886EF3600A676EB /* ModelItem.swift */; };
		5704786A288704F500A676EB /* TagItem.swift in Sources */ = {isa = PBXBuildFile; fileRef = 57047869288704F500A676EB /* TagItem.swift */; };
		5704786B288704F500A676EB /* TagItem.swift in Sources */ = {isa = PBXBuildFile; fileRef = 57047869288704F500A676EB /* TagItem.swift */; };
		5704788E28870E6600A676EB /* AboutView.swift in Sources */ = {isa = PBXBuildFile; fileRef = 5704788D28870E6600A676EB /* AboutView.swift */; };
		5704788F28870E6600A676EB /* AboutView.swift in Sources */ = {isa = PBXBuildFile; fileRef = 5704788D28870E6600A676EB /* AboutView.swift */; };
		5704789128884A3400A676EB /* FindWoodyView.swift in Sources */ = {isa = PBXBuildFile; fileRef = 5704789028884A3400A676EB /* FindWoodyView.swift */; };
		5704789228884A3400A676EB /* FindWoodyView.swift in Sources */ = {isa = PBXBuildFile; fileRef = 5704789028884A3400A676EB /* FindWoodyView.swift */; };
		57047897288D44CD00A676EB /* UrgeWoodyView.swift in Sources */ = {isa = PBXBuildFile; fileRef = 57047896288D44CD00A676EB /* UrgeWoodyView.swift */; };
		57047898288D44CD00A676EB /* UrgeWoodyView.swift in Sources */ = {isa = PBXBuildFile; fileRef = 57047896288D44CD00A676EB /* UrgeWoodyView.swift */; };
		570478A8288D8E3100A676EB /* IMG_3944.JPG in Resources */ = {isa = PBXBuildFile; fileRef = 5704789F288D8E3000A676EB /* IMG_3944.JPG */; };
		570478A9288D8E3100A676EB /* IMG_3944.JPG in Resources */ = {isa = PBXBuildFile; fileRef = 5704789F288D8E3000A676EB /* IMG_3944.JPG */; };
		570478AA288D8E3100A676EB /* IMG_3948.JPG in Resources */ = {isa = PBXBuildFile; fileRef = 570478A0288D8E3000A676EB /* IMG_3948.JPG */; };
		570478AB288D8E3100A676EB /* IMG_3948.JPG in Resources */ = {isa = PBXBuildFile; fileRef = 570478A0288D8E3000A676EB /* IMG_3948.JPG */; };
		570478AC288D8E3100A676EB /* IMG_3932.JPG in Resources */ = {isa = PBXBuildFile; fileRef = 570478A1288D8E3000A676EB /* IMG_3932.JPG */; };
		570478AD288D8E3100A676EB /* IMG_3932.JPG in Resources */ = {isa = PBXBuildFile; fileRef = 570478A1288D8E3000A676EB /* IMG_3932.JPG */; };
		570478AE288D8E3100A676EB /* IMG_3936.JPG in Resources */ = {isa = PBXBuildFile; fileRef = 570478A2288D8E3000A676EB /* IMG_3936.JPG */; };
		570478AF288D8E3100A676EB /* IMG_3936.JPG in Resources */ = {isa = PBXBuildFile; fileRef = 570478A2288D8E3000A676EB /* IMG_3936.JPG */; };
		570478B0288D8E3100A676EB /* IMG_3941.JPG in Resources */ = {isa = PBXBuildFile; fileRef = 570478A3288D8E3100A676EB /* IMG_3941.JPG */; };
		570478B1288D8E3100A676EB /* IMG_3941.JPG in Resources */ = {isa = PBXBuildFile; fileRef = 570478A3288D8E3100A676EB /* IMG_3941.JPG */; };
		570478B2288D8E3100A676EB /* IMG_3954.JPG in Resources */ = {isa = PBXBuildFile; fileRef = 570478A4288D8E3100A676EB /* IMG_3954.JPG */; };
		570478B3288D8E3100A676EB /* IMG_3954.JPG in Resources */ = {isa = PBXBuildFile; fileRef = 570478A4288D8E3100A676EB /* IMG_3954.JPG */; };
		570478B4288D8E3100A676EB /* IMG_3946.JPG in Resources */ = {isa = PBXBuildFile; fileRef = 570478A5288D8E3100A676EB /* IMG_3946.JPG */; };
		570478B5288D8E3100A676EB /* IMG_3946.JPG in Resources */ = {isa = PBXBuildFile; fileRef = 570478A5288D8E3100A676EB /* IMG_3946.JPG */; };
		570478B6288D8E3100A676EB /* IMG_3956.JPG in Resources */ = {isa = PBXBuildFile; fileRef = 570478A6288D8E3100A676EB /* IMG_3956.JPG */; };
		570478B7288D8E3100A676EB /* IMG_3956.JPG in Resources */ = {isa = PBXBuildFile; fileRef = 570478A6288D8E3100A676EB /* IMG_3956.JPG */; };
		570478B8288D8E3100A676EB /* IMG_3938.JPG in Resources */ = {isa = PBXBuildFile; fileRef = 570478A7288D8E3100A676EB /* IMG_3938.JPG */; };
		570478B9288D8E3100A676EB /* IMG_3938.JPG in Resources */ = {isa = PBXBuildFile; fileRef = 570478A7288D8E3100A676EB /* IMG_3938.JPG */; };
		570478BC288E448400A676EB /* CachedAsyncImage in Frameworks */ = {isa = PBXBuildFile; productRef = 570478BB288E448400A676EB /* CachedAsyncImage */; };
		570478BF28A0E0F800A676EB /* LBJImagePreviewer in Frameworks */ = {isa = PBXBuildFile; productRef = 570478BE28A0E0F800A676EB /* LBJImagePreviewer */; };
		570478C228A1518400A676EB /* MoreView.swift in Sources */ = {isa = PBXBuildFile; fileRef = 570478C128A1518400A676EB /* MoreView.swift */; };
		570478C328A1518400A676EB /* MoreView.swift in Sources */ = {isa = PBXBuildFile; fileRef = 570478C128A1518400A676EB /* MoreView.swift */; };
		570478C528A2281500A676EB /* LoginView.swift in Sources */ = {isa = PBXBuildFile; fileRef = 570478C428A2281500A676EB /* LoginView.swift */; };
		570478C628A2281500A676EB /* LoginView.swift in Sources */ = {isa = PBXBuildFile; fileRef = 570478C428A2281500A676EB /* LoginView.swift */; };
		570478C828A22D1100A676EB /* SignInWithAppleViewModel.swift in Sources */ = {isa = PBXBuildFile; fileRef = 570478C728A22D1000A676EB /* SignInWithAppleViewModel.swift */; };
		570478C928A22D1100A676EB /* SignInWithAppleViewModel.swift in Sources */ = {isa = PBXBuildFile; fileRef = 570478C728A22D1000A676EB /* SignInWithAppleViewModel.swift */; };
		570478CB28A27E6400A676EB /* MyView.swift in Sources */ = {isa = PBXBuildFile; fileRef = 570478CA28A27E6400A676EB /* MyView.swift */; };
		570478CC28A27E6400A676EB /* MyView.swift in Sources */ = {isa = PBXBuildFile; fileRef = 570478CA28A27E6400A676EB /* MyView.swift */; };
		5768F0E72A659C6A00ABFADC /* DateExtension.swift in Sources */ = {isa = PBXBuildFile; fileRef = 5768F0E62A659C6A00ABFADC /* DateExtension.swift */; };
		5768F0E82A659C6A00ABFADC /* DateExtension.swift in Sources */ = {isa = PBXBuildFile; fileRef = 5768F0E62A659C6A00ABFADC /* DateExtension.swift */; };
		5768F0EA2A66B3F000ABFADC /* MailView.swift in Sources */ = {isa = PBXBuildFile; fileRef = 5768F0E92A66B3F000ABFADC /* MailView.swift */; };
		5768F0EB2A66B3F000ABFADC /* MailView.swift in Sources */ = {isa = PBXBuildFile; fileRef = 5768F0E92A66B3F000ABFADC /* MailView.swift */; };
		5783D32B28C1CE630076636F /* Api.swift in Sources */ = {isa = PBXBuildFile; fileRef = 5783D32A28C1CE630076636F /* Api.swift */; };
		5783D32C28C1CE630076636F /* Api.swift in Sources */ = {isa = PBXBuildFile; fileRef = 5783D32A28C1CE630076636F /* Api.swift */; };
		5783D32E28C721CD0076636F /* Response+Request.swift in Sources */ = {isa = PBXBuildFile; fileRef = 5783D32D28C721CD0076636F /* Response+Request.swift */; };
		5783D32F28C721CD0076636F /* Response+Request.swift in Sources */ = {isa = PBXBuildFile; fileRef = 5783D32D28C721CD0076636F /* Response+Request.swift */; };
/* End PBXBuildFile section */

/* Begin PBXContainerItemProxy section */
		5704780728844AA500A676EB /* PBXContainerItemProxy */ = {
			isa = PBXContainerItemProxy;
			containerPortal = 570477EA28844AA200A676EB /* Project object */;
			proxyType = 1;
			remoteGlobalIDString = 570477F828844AA500A676EB;
			remoteInfo = "woodycamera (iOS)";
		};
		5704781328844AA500A676EB /* PBXContainerItemProxy */ = {
			isa = PBXContainerItemProxy;
			containerPortal = 570477EA28844AA200A676EB /* Project object */;
			proxyType = 1;
			remoteGlobalIDString = 570477FE28844AA500A676EB;
			remoteInfo = "woodycamera (macOS)";
		};
/* End PBXContainerItemProxy section */

/* Begin PBXFileReference section */
		570477F028844AA200A676EB /* Shared.xcdatamodel */ = {isa = PBXFileReference; lastKnownFileType = wrapper.xcdatamodel; path = Shared.xcdatamodel; sourceTree = "<group>"; };
		570477F128844AA200A676EB /* woodycameraApp.swift */ = {isa = PBXFileReference; lastKnownFileType = sourcecode.swift; path = woodycameraApp.swift; sourceTree = "<group>"; };
		570477F228844AA200A676EB /* ContentView.swift */ = {isa = PBXFileReference; lastKnownFileType = sourcecode.swift; path = ContentView.swift; sourceTree = "<group>"; };
		570477F328844AA200A676EB /* Persistence.swift */ = {isa = PBXFileReference; lastKnownFileType = sourcecode.swift; path = Persistence.swift; sourceTree = "<group>"; };
		570477F428844AA500A676EB /* Assets.xcassets */ = {isa = PBXFileReference; lastKnownFileType = folder.assetcatalog; path = Assets.xcassets; sourceTree = "<group>"; };
		570477F928844AA500A676EB /* woodycamera.app */ = {isa = PBXFileReference; explicitFileType = wrapper.application; includeInIndex = 0; path = woodycamera.app; sourceTree = BUILT_PRODUCTS_DIR; };
		570477FF28844AA500A676EB /* woodycamera.app */ = {isa = PBXFileReference; explicitFileType = wrapper.application; includeInIndex = 0; path = woodycamera.app; sourceTree = BUILT_PRODUCTS_DIR; };
		5704780128844AA500A676EB /* macOS.entitlements */ = {isa = PBXFileReference; lastKnownFileType = text.plist.entitlements; path = macOS.entitlements; sourceTree = "<group>"; };
		5704780628844AA500A676EB /* Tests iOS.xctest */ = {isa = PBXFileReference; explicitFileType = wrapper.cfbundle; includeInIndex = 0; path = "Tests iOS.xctest"; sourceTree = BUILT_PRODUCTS_DIR; };
		5704780A28844AA500A676EB /* Tests_iOS.swift */ = {isa = PBXFileReference; lastKnownFileType = sourcecode.swift; path = Tests_iOS.swift; sourceTree = "<group>"; };
		5704780C28844AA500A676EB /* Tests_iOSLaunchTests.swift */ = {isa = PBXFileReference; lastKnownFileType = sourcecode.swift; path = Tests_iOSLaunchTests.swift; sourceTree = "<group>"; };
		5704781228844AA500A676EB /* Tests macOS.xctest */ = {isa = PBXFileReference; explicitFileType = wrapper.cfbundle; includeInIndex = 0; path = "Tests macOS.xctest"; sourceTree = BUILT_PRODUCTS_DIR; };
		5704781628844AA500A676EB /* Tests_macOS.swift */ = {isa = PBXFileReference; lastKnownFileType = sourcecode.swift; path = Tests_macOS.swift; sourceTree = "<group>"; };
		5704781828844AA500A676EB /* Tests_macOSLaunchTests.swift */ = {isa = PBXFileReference; lastKnownFileType = sourcecode.swift; path = Tests_macOSLaunchTests.swift; sourceTree = "<group>"; };
		57047851288527FC00A676EB /* GridView.swift */ = {isa = PBXFileReference; lastKnownFileType = sourcecode.swift; path = GridView.swift; sourceTree = "<group>"; };
		570478542885281400A676EB /* DataModel.swift */ = {isa = PBXFileReference; lastKnownFileType = sourcecode.swift; path = DataModel.swift; sourceTree = "<group>"; };
		570478572885285400A676EB /* ImageItem.swift */ = {isa = PBXFileReference; lastKnownFileType = sourcecode.swift; path = ImageItem.swift; sourceTree = "<group>"; };
		5704785A28852B2F00A676EB /* DetailView.swift */ = {isa = PBXFileReference; lastKnownFileType = sourcecode.swift; path = DetailView.swift; sourceTree = "<group>"; };
		5704785D28852BC500A676EB /* GridItemView.swift */ = {isa = PBXFileReference; lastKnownFileType = sourcecode.swift; path = GridItemView.swift; sourceTree = "<group>"; };
		570478602885A74400A676EB /* ColorExtention.swift */ = {isa = PBXFileReference; lastKnownFileType = sourcecode.swift; path = ColorExtention.swift; sourceTree = "<group>"; };
		570478662886EF3600A676EB /* ModelItem.swift */ = {isa = PBXFileReference; lastKnownFileType = sourcecode.swift; path = ModelItem.swift; sourceTree = "<group>"; };
		57047869288704F500A676EB /* TagItem.swift */ = {isa = PBXFileReference; lastKnownFileType = sourcecode.swift; path = TagItem.swift; sourceTree = "<group>"; };
		5704788D28870E6600A676EB /* AboutView.swift */ = {isa = PBXFileReference; lastKnownFileType = sourcecode.swift; path = AboutView.swift; sourceTree = "<group>"; };
		5704789028884A3400A676EB /* FindWoodyView.swift */ = {isa = PBXFileReference; lastKnownFileType = sourcecode.swift; path = FindWoodyView.swift; sourceTree = "<group>"; };
		57047896288D44CD00A676EB /* UrgeWoodyView.swift */ = {isa = PBXFileReference; lastKnownFileType = sourcecode.swift; path = UrgeWoodyView.swift; sourceTree = "<group>"; };
		5704789F288D8E3000A676EB /* IMG_3944.JPG */ = {isa = PBXFileReference; lastKnownFileType = image.jpeg; path = IMG_3944.JPG; sourceTree = "<group>"; };
		570478A0288D8E3000A676EB /* IMG_3948.JPG */ = {isa = PBXFileReference; lastKnownFileType = image.jpeg; path = IMG_3948.JPG; sourceTree = "<group>"; };
		570478A1288D8E3000A676EB /* IMG_3932.JPG */ = {isa = PBXFileReference; lastKnownFileType = image.jpeg; path = IMG_3932.JPG; sourceTree = "<group>"; };
		570478A2288D8E3000A676EB /* IMG_3936.JPG */ = {isa = PBXFileReference; lastKnownFileType = image.jpeg; path = IMG_3936.JPG; sourceTree = "<group>"; };
		570478A3288D8E3100A676EB /* IMG_3941.JPG */ = {isa = PBXFileReference; lastKnownFileType = image.jpeg; path = IMG_3941.JPG; sourceTree = "<group>"; };
		570478A4288D8E3100A676EB /* IMG_3954.JPG */ = {isa = PBXFileReference; lastKnownFileType = image.jpeg; path = IMG_3954.JPG; sourceTree = "<group>"; };
		570478A5288D8E3100A676EB /* IMG_3946.JPG */ = {isa = PBXFileReference; lastKnownFileType = image.jpeg; path = IMG_3946.JPG; sourceTree = "<group>"; };
		570478A6288D8E3100A676EB /* IMG_3956.JPG */ = {isa = PBXFileReference; lastKnownFileType = image.jpeg; path = IMG_3956.JPG; sourceTree = "<group>"; };
		570478A7288D8E3100A676EB /* IMG_3938.JPG */ = {isa = PBXFileReference; lastKnownFileType = image.jpeg; path = IMG_3938.JPG; sourceTree = "<group>"; };
		570478C028A1501600A676EB /* woodycamera (iOS).entitlements */ = {isa = PBXFileReference; lastKnownFileType = text.plist.entitlements; path = "woodycamera (iOS).entitlements"; sourceTree = "<group>"; };
		570478C128A1518400A676EB /* MoreView.swift */ = {isa = PBXFileReference; lastKnownFileType = sourcecode.swift; path = MoreView.swift; sourceTree = "<group>"; };
		570478C428A2281500A676EB /* LoginView.swift */ = {isa = PBXFileReference; lastKnownFileType = sourcecode.swift; path = LoginView.swift; sourceTree = "<group>"; };
		570478C728A22D1000A676EB /* SignInWithAppleViewModel.swift */ = {isa = PBXFileReference; lastKnownFileType = sourcecode.swift; path = SignInWithAppleViewModel.swift; sourceTree = "<group>"; };
		570478CA28A27E6400A676EB /* MyView.swift */ = {isa = PBXFileReference; lastKnownFileType = sourcecode.swift; path = MyView.swift; sourceTree = "<group>"; };
		5768F0E62A659C6A00ABFADC /* DateExtension.swift */ = {isa = PBXFileReference; lastKnownFileType = sourcecode.swift; path = DateExtension.swift; sourceTree = "<group>"; };
		5768F0E92A66B3F000ABFADC /* MailView.swift */ = {isa = PBXFileReference; lastKnownFileType = sourcecode.swift; path = MailView.swift; sourceTree = "<group>"; };
		5783D32A28C1CE630076636F /* Api.swift */ = {isa = PBXFileReference; lastKnownFileType = sourcecode.swift; path = Api.swift; sourceTree = "<group>"; };
		5783D32D28C721CD0076636F /* Response+Request.swift */ = {isa = PBXFileReference; lastKnownFileType = sourcecode.swift; path = "Response+Request.swift"; sourceTree = "<group>"; };
/* End PBXFileReference section */

/* Begin PBXFrameworksBuildPhase section */
		570477F628844AA500A676EB /* Frameworks */ = {
			isa = PBXFrameworksBuildPhase;
			buildActionMask = 2147483647;
			files = (
				570478BC288E448400A676EB /* CachedAsyncImage in Frameworks */,
				570478BF28A0E0F800A676EB /* LBJImagePreviewer in Frameworks */,
			);
			runOnlyForDeploymentPostprocessing = 0;
		};
		570477FC28844AA500A676EB /* Frameworks */ = {
			isa = PBXFrameworksBuildPhase;
			buildActionMask = 2147483647;
			files = (
			);
			runOnlyForDeploymentPostprocessing = 0;
		};
		5704780328844AA500A676EB /* Frameworks */ = {
			isa = PBXFrameworksBuildPhase;
			buildActionMask = 2147483647;
			files = (
			);
			runOnlyForDeploymentPostprocessing = 0;
		};
		5704780F28844AA500A676EB /* Frameworks */ = {
			isa = PBXFrameworksBuildPhase;
			buildActionMask = 2147483647;
			files = (
			);
			runOnlyForDeploymentPostprocessing = 0;
		};
/* End PBXFrameworksBuildPhase section */

/* Begin PBXGroup section */
		570477E928844AA200A676EB = {
			isa = PBXGroup;
			children = (
				570478C028A1501600A676EB /* woodycamera (iOS).entitlements */,
				570478352885279F00A676EB /* Resources */,
				570477EE28844AA200A676EB /* Shared */,
				5704780028844AA500A676EB /* macOS */,
				5704780928844AA500A676EB /* Tests iOS */,
				5704781528844AA500A676EB /* Tests macOS */,
				570477FA28844AA500A676EB /* Products */,
			);
			sourceTree = "<group>";
		};
		570477EE28844AA200A676EB /* Shared */ = {
			isa = PBXGroup;
			children = (
				570477F128844AA200A676EB /* woodycameraApp.swift */,
				570477F228844AA200A676EB /* ContentView.swift */,
				570477F328844AA200A676EB /* Persistence.swift */,
				570477F428844AA500A676EB /* Assets.xcassets */,
				570477EF28844AA200A676EB /* woodycamera.xcdatamodeld */,
				57047851288527FC00A676EB /* GridView.swift */,
				570478542885281400A676EB /* DataModel.swift */,
				570478572885285400A676EB /* ImageItem.swift */,
				5704785A28852B2F00A676EB /* DetailView.swift */,
				5704785D28852BC500A676EB /* GridItemView.swift */,
				570478602885A74400A676EB /* ColorExtention.swift */,
				570478662886EF3600A676EB /* ModelItem.swift */,
				57047869288704F500A676EB /* TagItem.swift */,
				5704788D28870E6600A676EB /* AboutView.swift */,
				5704789028884A3400A676EB /* FindWoodyView.swift */,
				57047896288D44CD00A676EB /* UrgeWoodyView.swift */,
				570478C128A1518400A676EB /* MoreView.swift */,
				570478C428A2281500A676EB /* LoginView.swift */,
				570478C728A22D1000A676EB /* SignInWithAppleViewModel.swift */,
				570478CA28A27E6400A676EB /* MyView.swift */,
				5783D32A28C1CE630076636F /* Api.swift */,
				5783D32D28C721CD0076636F /* Response+Request.swift */,
				5768F0E62A659C6A00ABFADC /* DateExtension.swift */,
				5768F0E92A66B3F000ABFADC /* MailView.swift */,
			);
			path = Shared;
			sourceTree = "<group>";
		};
		570477FA28844AA500A676EB /* Products */ = {
			isa = PBXGroup;
			children = (
				570477F928844AA500A676EB /* woodycamera.app */,
				570477FF28844AA500A676EB /* woodycamera.app */,
				5704780628844AA500A676EB /* Tests iOS.xctest */,
				5704781228844AA500A676EB /* Tests macOS.xctest */,
			);
			name = Products;
			sourceTree = "<group>";
		};
		5704780028844AA500A676EB /* macOS */ = {
			isa = PBXGroup;
			children = (
				5704780128844AA500A676EB /* macOS.entitlements */,
			);
			path = macOS;
			sourceTree = "<group>";
		};
		5704780928844AA500A676EB /* Tests iOS */ = {
			isa = PBXGroup;
			children = (
				5704780A28844AA500A676EB /* Tests_iOS.swift */,
				5704780C28844AA500A676EB /* Tests_iOSLaunchTests.swift */,
			);
			path = "Tests iOS";
			sourceTree = "<group>";
		};
		5704781528844AA500A676EB /* Tests macOS */ = {
			isa = PBXGroup;
			children = (
				5704781628844AA500A676EB /* Tests_macOS.swift */,
				5704781828844AA500A676EB /* Tests_macOSLaunchTests.swift */,
			);
			path = "Tests macOS";
			sourceTree = "<group>";
		};
		570478352885279F00A676EB /* Resources */ = {
			isa = PBXGroup;
			children = (
				570478A1288D8E3000A676EB /* IMG_3932.JPG */,
				570478A2288D8E3000A676EB /* IMG_3936.JPG */,
				570478A7288D8E3100A676EB /* IMG_3938.JPG */,
				570478A3288D8E3100A676EB /* IMG_3941.JPG */,
				5704789F288D8E3000A676EB /* IMG_3944.JPG */,
				570478A5288D8E3100A676EB /* IMG_3946.JPG */,
				570478A0288D8E3000A676EB /* IMG_3948.JPG */,
				570478A4288D8E3100A676EB /* IMG_3954.JPG */,
				570478A6288D8E3100A676EB /* IMG_3956.JPG */,
			);
			path = Resources;
			sourceTree = "<group>";
		};
/* End PBXGroup section */

/* Begin PBXNativeTarget section */
		570477F828844AA500A676EB /* woodycamera (iOS) */ = {
			isa = PBXNativeTarget;
			buildConfigurationList = 5704782628844AA500A676EB /* Build configuration list for PBXNativeTarget "woodycamera (iOS)" */;
			buildPhases = (
				570477F528844AA500A676EB /* Sources */,
				570477F628844AA500A676EB /* Frameworks */,
				570477F728844AA500A676EB /* Resources */,
			);
			buildRules = (
			);
			dependencies = (
			);
			name = "woodycamera (iOS)";
			packageProductDependencies = (
				570478BB288E448400A676EB /* CachedAsyncImage */,
				570478BE28A0E0F800A676EB /* LBJImagePreviewer */,
			);
			productName = "woodycamera (iOS)";
			productReference = 570477F928844AA500A676EB /* woodycamera.app */;
			productType = "com.apple.product-type.application";
		};
		570477FE28844AA500A676EB /* woodycamera (macOS) */ = {
			isa = PBXNativeTarget;
			buildConfigurationList = 5704782928844AA500A676EB /* Build configuration list for PBXNativeTarget "woodycamera (macOS)" */;
			buildPhases = (
				570477FB28844AA500A676EB /* Sources */,
				570477FC28844AA500A676EB /* Frameworks */,
				570477FD28844AA500A676EB /* Resources */,
			);
			buildRules = (
			);
			dependencies = (
			);
			name = "woodycamera (macOS)";
			productName = "woodycamera (macOS)";
			productReference = 570477FF28844AA500A676EB /* woodycamera.app */;
			productType = "com.apple.product-type.application";
		};
		5704780528844AA500A676EB /* Tests iOS */ = {
			isa = PBXNativeTarget;
			buildConfigurationList = 5704782C28844AA500A676EB /* Build configuration list for PBXNativeTarget "Tests iOS" */;
			buildPhases = (
				5704780228844AA500A676EB /* Sources */,
				5704780328844AA500A676EB /* Frameworks */,
				5704780428844AA500A676EB /* Resources */,
			);
			buildRules = (
			);
			dependencies = (
				5704780828844AA500A676EB /* PBXTargetDependency */,
			);
			name = "Tests iOS";
			productName = "Tests iOS";
			productReference = 5704780628844AA500A676EB /* Tests iOS.xctest */;
			productType = "com.apple.product-type.bundle.ui-testing";
		};
		5704781128844AA500A676EB /* Tests macOS */ = {
			isa = PBXNativeTarget;
			buildConfigurationList = 5704782F28844AA500A676EB /* Build configuration list for PBXNativeTarget "Tests macOS" */;
			buildPhases = (
				5704780E28844AA500A676EB /* Sources */,
				5704780F28844AA500A676EB /* Frameworks */,
				5704781028844AA500A676EB /* Resources */,
			);
			buildRules = (
			);
			dependencies = (
				5704781428844AA500A676EB /* PBXTargetDependency */,
			);
			name = "Tests macOS";
			productName = "Tests macOS";
			productReference = 5704781228844AA500A676EB /* Tests macOS.xctest */;
			productType = "com.apple.product-type.bundle.ui-testing";
		};
/* End PBXNativeTarget section */

/* Begin PBXProject section */
		570477EA28844AA200A676EB /* Project object */ = {
			isa = PBXProject;
			attributes = {
				BuildIndependentTargetsInParallel = 1;
				LastSwiftUpdateCheck = 1340;
				LastUpgradeCheck = 1430;
				TargetAttributes = {
					570477F828844AA500A676EB = {
						CreatedOnToolsVersion = 13.4.1;
					};
					570477FE28844AA500A676EB = {
						CreatedOnToolsVersion = 13.4.1;
					};
					5704780528844AA500A676EB = {
						CreatedOnToolsVersion = 13.4.1;
						TestTargetID = 570477F828844AA500A676EB;
					};
					5704781128844AA500A676EB = {
						CreatedOnToolsVersion = 13.4.1;
						TestTargetID = 570477FE28844AA500A676EB;
					};
				};
			};
			buildConfigurationList = 570477ED28844AA200A676EB /* Build configuration list for PBXProject "woodycamera" */;
			compatibilityVersion = "Xcode 13.0";
			developmentRegion = en;
			hasScannedForEncodings = 0;
			knownRegions = (
				en,
				Base,
				"zh-Hans",
			);
			mainGroup = 570477E928844AA200A676EB;
			packageReferences = (
				570478BA288E448400A676EB /* XCRemoteSwiftPackageReference "swiftui-cached-async-image" */,
				570478BD28A0E0F800A676EB /* XCRemoteSwiftPackageReference "LBJImagePreviewer" */,
			);
			productRefGroup = 570477FA28844AA500A676EB /* Products */;
			projectDirPath = "";
			projectRoot = "";
			targets = (
				570477F828844AA500A676EB /* woodycamera (iOS) */,
				570477FE28844AA500A676EB /* woodycamera (macOS) */,
				5704780528844AA500A676EB /* Tests iOS */,
				5704781128844AA500A676EB /* Tests macOS */,
			);
		};
/* End PBXProject section */

/* Begin PBXResourcesBuildPhase section */
		570477F728844AA500A676EB /* Resources */ = {
			isa = PBXResourcesBuildPhase;
			buildActionMask = 2147483647;
			files = (
				570478B0288D8E3100A676EB /* IMG_3941.JPG in Resources */,
				570478B8288D8E3100A676EB /* IMG_3938.JPG in Resources */,
				570478B2288D8E3100A676EB /* IMG_3954.JPG in Resources */,
				570478AC288D8E3100A676EB /* IMG_3932.JPG in Resources */,
				570478AE288D8E3100A676EB /* IMG_3936.JPG in Resources */,
				570478B6288D8E3100A676EB /* IMG_3956.JPG in Resources */,
				570478AA288D8E3100A676EB /* IMG_3948.JPG in Resources */,
				570478B4288D8E3100A676EB /* IMG_3946.JPG in Resources */,
				5704782228844AA500A676EB /* Assets.xcassets in Resources */,
				570478A8288D8E3100A676EB /* IMG_3944.JPG in Resources */,
			);
			runOnlyForDeploymentPostprocessing = 0;
		};
		570477FD28844AA500A676EB /* Resources */ = {
			isa = PBXResourcesBuildPhase;
			buildActionMask = 2147483647;
			files = (
				570478B1288D8E3100A676EB /* IMG_3941.JPG in Resources */,
				570478B9288D8E3100A676EB /* IMG_3938.JPG in Resources */,
				570478B3288D8E3100A676EB /* IMG_3954.JPG in Resources */,
				570478AD288D8E3100A676EB /* IMG_3932.JPG in Resources */,
				570478AF288D8E3100A676EB /* IMG_3936.JPG in Resources */,
				570478B7288D8E3100A676EB /* IMG_3956.JPG in Resources */,
				570478AB288D8E3100A676EB /* IMG_3948.JPG in Resources */,
				570478B5288D8E3100A676EB /* IMG_3946.JPG in Resources */,
				5704782328844AA500A676EB /* Assets.xcassets in Resources */,
				570478A9288D8E3100A676EB /* IMG_3944.JPG in Resources */,
			);
			runOnlyForDeploymentPostprocessing = 0;
		};
		5704780428844AA500A676EB /* Resources */ = {
			isa = PBXResourcesBuildPhase;
			buildActionMask = 2147483647;
			files = (
			);
			runOnlyForDeploymentPostprocessing = 0;
		};
		5704781028844AA500A676EB /* Resources */ = {
			isa = PBXResourcesBuildPhase;
			buildActionMask = 2147483647;
			files = (
			);
			runOnlyForDeploymentPostprocessing = 0;
		};
/* End PBXResourcesBuildPhase section */

/* Begin PBXSourcesBuildPhase section */
		570477F528844AA500A676EB /* Sources */ = {
			isa = PBXSourcesBuildPhase;
			buildActionMask = 2147483647;
			files = (
				5704781A28844AA500A676EB /* woodycamera.xcdatamodeld in Sources */,
				5768F0EA2A66B3F000ABFADC /* MailView.swift in Sources */,
				5704785E28852BC500A676EB /* GridItemView.swift in Sources */,
				570478672886EF3600A676EB /* ModelItem.swift in Sources */,
				570478612885A74400A676EB /* ColorExtention.swift in Sources */,
				5704788E28870E6600A676EB /* AboutView.swift in Sources */,
				5704785B28852B2F00A676EB /* DetailView.swift in Sources */,
				5704782028844AA500A676EB /* Persistence.swift in Sources */,
				570478C228A1518400A676EB /* MoreView.swift in Sources */,
				570478CB28A27E6400A676EB /* MyView.swift in Sources */,
				5783D32E28C721CD0076636F /* Response+Request.swift in Sources */,
				570478582885285400A676EB /* ImageItem.swift in Sources */,
				57047897288D44CD00A676EB /* UrgeWoodyView.swift in Sources */,
				570478C528A2281500A676EB /* LoginView.swift in Sources */,
				5704789128884A3400A676EB /* FindWoodyView.swift in Sources */,
				5704781C28844AA500A676EB /* woodycameraApp.swift in Sources */,
				57047852288527FC00A676EB /* GridView.swift in Sources */,
				5704781E28844AA500A676EB /* ContentView.swift in Sources */,
				5768F0E72A659C6A00ABFADC /* DateExtension.swift in Sources */,
				570478552885281400A676EB /* DataModel.swift in Sources */,
				5704786A288704F500A676EB /* TagItem.swift in Sources */,
				5783D32B28C1CE630076636F /* Api.swift in Sources */,
				570478C828A22D1100A676EB /* SignInWithAppleViewModel.swift in Sources */,
			);
			runOnlyForDeploymentPostprocessing = 0;
		};
		570477FB28844AA500A676EB /* Sources */ = {
			isa = PBXSourcesBuildPhase;
			buildActionMask = 2147483647;
			files = (
				5704781B28844AA500A676EB /* woodycamera.xcdatamodeld in Sources */,
				5768F0EB2A66B3F000ABFADC /* MailView.swift in Sources */,
				5704785F28852BC500A676EB /* GridItemView.swift in Sources */,
				570478682886EF3600A676EB /* ModelItem.swift in Sources */,
				570478622885A74400A676EB /* ColorExtention.swift in Sources */,
				5704788F28870E6600A676EB /* AboutView.swift in Sources */,
				5704785C28852B2F00A676EB /* DetailView.swift in Sources */,
				5704782128844AA500A676EB /* Persistence.swift in Sources */,
				570478C328A1518400A676EB /* MoreView.swift in Sources */,
				570478CC28A27E6400A676EB /* MyView.swift in Sources */,
				5783D32F28C721CD0076636F /* Response+Request.swift in Sources */,
				570478592885285400A676EB /* ImageItem.swift in Sources */,
				57047898288D44CD00A676EB /* UrgeWoodyView.swift in Sources */,
				570478C628A2281500A676EB /* LoginView.swift in Sources */,
				5704789228884A3400A676EB /* FindWoodyView.swift in Sources */,
				5704781D28844AA500A676EB /* woodycameraApp.swift in Sources */,
				57047853288527FC00A676EB /* GridView.swift in Sources */,
				5704781F28844AA500A676EB /* ContentView.swift in Sources */,
				5768F0E82A659C6A00ABFADC /* DateExtension.swift in Sources */,
				570478562885281400A676EB /* DataModel.swift in Sources */,
				5704786B288704F500A676EB /* TagItem.swift in Sources */,
				5783D32C28C1CE630076636F /* Api.swift in Sources */,
				570478C928A22D1100A676EB /* SignInWithAppleViewModel.swift in Sources */,
			);
			runOnlyForDeploymentPostprocessing = 0;
		};
		5704780228844AA500A676EB /* Sources */ = {
			isa = PBXSourcesBuildPhase;
			buildActionMask = 2147483647;
			files = (
				5704780D28844AA500A676EB /* Tests_iOSLaunchTests.swift in Sources */,
				5704780B28844AA500A676EB /* Tests_iOS.swift in Sources */,
			);
			runOnlyForDeploymentPostprocessing = 0;
		};
		5704780E28844AA500A676EB /* Sources */ = {
			isa = PBXSourcesBuildPhase;
			buildActionMask = 2147483647;
			files = (
				5704781928844AA500A676EB /* Tests_macOSLaunchTests.swift in Sources */,
				5704781728844AA500A676EB /* Tests_macOS.swift in Sources */,
			);
			runOnlyForDeploymentPostprocessing = 0;
		};
/* End PBXSourcesBuildPhase section */

/* Begin PBXTargetDependency section */
		5704780828844AA500A676EB /* PBXTargetDependency */ = {
			isa = PBXTargetDependency;
			target = 570477F828844AA500A676EB /* woodycamera (iOS) */;
			targetProxy = 5704780728844AA500A676EB /* PBXContainerItemProxy */;
		};
		5704781428844AA500A676EB /* PBXTargetDependency */ = {
			isa = PBXTargetDependency;
			target = 570477FE28844AA500A676EB /* woodycamera (macOS) */;
			targetProxy = 5704781328844AA500A676EB /* PBXContainerItemProxy */;
		};
/* End PBXTargetDependency section */

/* Begin XCBuildConfiguration section */
		5704782428844AA500A676EB /* Debug */ = {
			isa = XCBuildConfiguration;
			buildSettings = {
				ALWAYS_SEARCH_USER_PATHS = NO;
				CLANG_ANALYZER_LOCALIZABILITY_NONLOCALIZED = YES;
				CLANG_ANALYZER_NONNULL = YES;
				CLANG_ANALYZER_NUMBER_OBJECT_CONVERSION = YES_AGGRESSIVE;
				CLANG_CXX_LANGUAGE_STANDARD = "gnu++17";
				CLANG_ENABLE_MODULES = YES;
				CLANG_ENABLE_OBJC_ARC = YES;
				CLANG_ENABLE_OBJC_WEAK = YES;
				CLANG_WARN_BLOCK_CAPTURE_AUTORELEASING = YES;
				CLANG_WARN_BOOL_CONVERSION = YES;
				CLANG_WARN_COMMA = YES;
				CLANG_WARN_CONSTANT_CONVERSION = YES;
				CLANG_WARN_DEPRECATED_OBJC_IMPLEMENTATIONS = YES;
				CLANG_WARN_DIRECT_OBJC_ISA_USAGE = YES_ERROR;
				CLANG_WARN_DOCUMENTATION_COMMENTS = YES;
				CLANG_WARN_EMPTY_BODY = YES;
				CLANG_WARN_ENUM_CONVERSION = YES;
				CLANG_WARN_INFINITE_RECURSION = YES;
				CLANG_WARN_INT_CONVERSION = YES;
				CLANG_WARN_NON_LITERAL_NULL_CONVERSION = YES;
				CLANG_WARN_OBJC_IMPLICIT_RETAIN_SELF = YES;
				CLANG_WARN_OBJC_LITERAL_CONVERSION = YES;
				CLANG_WARN_OBJC_ROOT_CLASS = YES_ERROR;
				CLANG_WARN_QUOTED_INCLUDE_IN_FRAMEWORK_HEADER = YES;
				CLANG_WARN_RANGE_LOOP_ANALYSIS = YES;
				CLANG_WARN_STRICT_PROTOTYPES = YES;
				CLANG_WARN_SUSPICIOUS_MOVE = YES;
				CLANG_WARN_UNGUARDED_AVAILABILITY = YES_AGGRESSIVE;
				CLANG_WARN_UNREACHABLE_CODE = YES;
				CLANG_WARN__DUPLICATE_METHOD_MATCH = YES;
				COPY_PHASE_STRIP = NO;
				DEAD_CODE_STRIPPING = YES;
				DEBUG_INFORMATION_FORMAT = dwarf;
				ENABLE_STRICT_OBJC_MSGSEND = YES;
				ENABLE_TESTABILITY = YES;
				GCC_C_LANGUAGE_STANDARD = gnu11;
				GCC_DYNAMIC_NO_PIC = NO;
				GCC_NO_COMMON_BLOCKS = YES;
				GCC_OPTIMIZATION_LEVEL = 0;
				GCC_PREPROCESSOR_DEFINITIONS = (
					"DEBUG=1",
					"$(inherited)",
				);
				GCC_WARN_64_TO_32_BIT_CONVERSION = YES;
				GCC_WARN_ABOUT_RETURN_TYPE = YES_ERROR;
				GCC_WARN_UNDECLARED_SELECTOR = YES;
				GCC_WARN_UNINITIALIZED_AUTOS = YES_AGGRESSIVE;
				GCC_WARN_UNUSED_FUNCTION = YES;
				GCC_WARN_UNUSED_VARIABLE = YES;
				MTL_ENABLE_DEBUG_INFO = INCLUDE_SOURCE;
				MTL_FAST_MATH = YES;
				ONLY_ACTIVE_ARCH = YES;
				SWIFT_ACTIVE_COMPILATION_CONDITIONS = DEBUG;
				SWIFT_OPTIMIZATION_LEVEL = "-Onone";
			};
			name = Debug;
		};
		5704782528844AA500A676EB /* Release */ = {
			isa = XCBuildConfiguration;
			buildSettings = {
				ALWAYS_SEARCH_USER_PATHS = NO;
				CLANG_ANALYZER_LOCALIZABILITY_NONLOCALIZED = YES;
				CLANG_ANALYZER_NONNULL = YES;
				CLANG_ANALYZER_NUMBER_OBJECT_CONVERSION = YES_AGGRESSIVE;
				CLANG_CXX_LANGUAGE_STANDARD = "gnu++17";
				CLANG_ENABLE_MODULES = YES;
				CLANG_ENABLE_OBJC_ARC = YES;
				CLANG_ENABLE_OBJC_WEAK = YES;
				CLANG_WARN_BLOCK_CAPTURE_AUTORELEASING = YES;
				CLANG_WARN_BOOL_CONVERSION = YES;
				CLANG_WARN_COMMA = YES;
				CLANG_WARN_CONSTANT_CONVERSION = YES;
				CLANG_WARN_DEPRECATED_OBJC_IMPLEMENTATIONS = YES;
				CLANG_WARN_DIRECT_OBJC_ISA_USAGE = YES_ERROR;
				CLANG_WARN_DOCUMENTATION_COMMENTS = YES;
				CLANG_WARN_EMPTY_BODY = YES;
				CLANG_WARN_ENUM_CONVERSION = YES;
				CLANG_WARN_INFINITE_RECURSION = YES;
				CLANG_WARN_INT_CONVERSION = YES;
				CLANG_WARN_NON_LITERAL_NULL_CONVERSION = YES;
				CLANG_WARN_OBJC_IMPLICIT_RETAIN_SELF = YES;
				CLANG_WARN_OBJC_LITERAL_CONVERSION = YES;
				CLANG_WARN_OBJC_ROOT_CLASS = YES_ERROR;
				CLANG_WARN_QUOTED_INCLUDE_IN_FRAMEWORK_HEADER = YES;
				CLANG_WARN_RANGE_LOOP_ANALYSIS = YES;
				CLANG_WARN_STRICT_PROTOTYPES = YES;
				CLANG_WARN_SUSPICIOUS_MOVE = YES;
				CLANG_WARN_UNGUARDED_AVAILABILITY = YES_AGGRESSIVE;
				CLANG_WARN_UNREACHABLE_CODE = YES;
				CLANG_WARN__DUPLICATE_METHOD_MATCH = YES;
				COPY_PHASE_STRIP = NO;
				DEAD_CODE_STRIPPING = YES;
				DEBUG_INFORMATION_FORMAT = "dwarf-with-dsym";
				ENABLE_NS_ASSERTIONS = NO;
				ENABLE_STRICT_OBJC_MSGSEND = YES;
				GCC_C_LANGUAGE_STANDARD = gnu11;
				GCC_NO_COMMON_BLOCKS = YES;
				GCC_WARN_64_TO_32_BIT_CONVERSION = YES;
				GCC_WARN_ABOUT_RETURN_TYPE = YES_ERROR;
				GCC_WARN_UNDECLARED_SELECTOR = YES;
				GCC_WARN_UNINITIALIZED_AUTOS = YES_AGGRESSIVE;
				GCC_WARN_UNUSED_FUNCTION = YES;
				GCC_WARN_UNUSED_VARIABLE = YES;
				MTL_ENABLE_DEBUG_INFO = NO;
				MTL_FAST_MATH = YES;
				SWIFT_COMPILATION_MODE = wholemodule;
				SWIFT_OPTIMIZATION_LEVEL = "-O";
			};
			name = Release;
		};
		5704782728844AA500A676EB /* Debug */ = {
			isa = XCBuildConfiguration;
			buildSettings = {
				ASSETCATALOG_COMPILER_APPICON_NAME = AppIcon;
				ASSETCATALOG_COMPILER_GLOBAL_ACCENT_COLOR_NAME = AccentColor;
				CODE_SIGN_ENTITLEMENTS = "woodycamera (iOS).entitlements";
				CODE_SIGN_STYLE = Automatic;
				CURRENT_PROJECT_VERSION = 14;
				DEVELOPMENT_TEAM = XD7JAMNS86;
				ENABLE_PREVIEWS = YES;
				GENERATE_INFOPLIST_FILE = YES;
				INFOPLIST_KEY_CFBundleDisplayName = "Woody的相机";
				INFOPLIST_KEY_UIApplicationSceneManifest_Generation = YES;
				INFOPLIST_KEY_UIApplicationSupportsIndirectInputEvents = YES;
				INFOPLIST_KEY_UILaunchScreen_Generation = YES;
				INFOPLIST_KEY_UISupportedInterfaceOrientations = "UIInterfaceOrientationPortraitUpsideDown UIInterfaceOrientationPortrait";
				INFOPLIST_KEY_UISupportedInterfaceOrientations_iPad = "UIInterfaceOrientationPortrait UIInterfaceOrientationPortraitUpsideDown UIInterfaceOrientationLandscapeLeft UIInterfaceOrientationLandscapeRight";
				INFOPLIST_KEY_UISupportedInterfaceOrientations_iPhone = "UIInterfaceOrientationPortrait UIInterfaceOrientationLandscapeLeft UIInterfaceOrientationLandscapeRight";
				IPHONEOS_DEPLOYMENT_TARGET = 16.0;
				LD_RUNPATH_SEARCH_PATHS = (
					"$(inherited)",
					"@executable_path/Frameworks",
				);
				MARKETING_VERSION = 1.0;
				PRODUCT_BUNDLE_IDENTIFIER = com.woodystudio.woodycamera.woodycamera;
				PRODUCT_NAME = woodycamera;
				SDKROOT = iphoneos;
				SWIFT_EMIT_LOC_STRINGS = YES;
				SWIFT_VERSION = 5.0;
				TARGETED_DEVICE_FAMILY = "1,2";
			};
			name = Debug;
		};
		5704782828844AA500A676EB /* Release */ = {
			isa = XCBuildConfiguration;
			buildSettings = {
				ASSETCATALOG_COMPILER_APPICON_NAME = AppIcon;
				ASSETCATALOG_COMPILER_GLOBAL_ACCENT_COLOR_NAME = AccentColor;
				CODE_SIGN_ENTITLEMENTS = "woodycamera (iOS).entitlements";
				CODE_SIGN_STYLE = Automatic;
				CURRENT_PROJECT_VERSION = 14;
				DEVELOPMENT_TEAM = XD7JAMNS86;
				ENABLE_PREVIEWS = YES;
				GENERATE_INFOPLIST_FILE = YES;
				INFOPLIST_KEY_CFBundleDisplayName = "Woody的相机";
				INFOPLIST_KEY_UIApplicationSceneManifest_Generation = YES;
				INFOPLIST_KEY_UIApplicationSupportsIndirectInputEvents = YES;
				INFOPLIST_KEY_UILaunchScreen_Generation = YES;
				INFOPLIST_KEY_UISupportedInterfaceOrientations = "UIInterfaceOrientationPortraitUpsideDown UIInterfaceOrientationPortrait";
				INFOPLIST_KEY_UISupportedInterfaceOrientations_iPad = "UIInterfaceOrientationPortrait UIInterfaceOrientationPortraitUpsideDown UIInterfaceOrientationLandscapeLeft UIInterfaceOrientationLandscapeRight";
				INFOPLIST_KEY_UISupportedInterfaceOrientations_iPhone = "UIInterfaceOrientationPortrait UIInterfaceOrientationLandscapeLeft UIInterfaceOrientationLandscapeRight";
				IPHONEOS_DEPLOYMENT_TARGET = 16.0;
				LD_RUNPATH_SEARCH_PATHS = (
					"$(inherited)",
					"@executable_path/Frameworks",
				);
				MARKETING_VERSION = 1.0;
				PRODUCT_BUNDLE_IDENTIFIER = com.woodystudio.woodycamera.woodycamera;
				PRODUCT_NAME = woodycamera;
				SDKROOT = iphoneos;
				SWIFT_EMIT_LOC_STRINGS = YES;
				SWIFT_VERSION = 5.0;
				TARGETED_DEVICE_FAMILY = "1,2";
				VALIDATE_PRODUCT = YES;
			};
			name = Release;
		};
		5704782A28844AA500A676EB /* Debug */ = {
			isa = XCBuildConfiguration;
			buildSettings = {
				ASSETCATALOG_COMPILER_APPICON_NAME = AppIcon;
				ASSETCATALOG_COMPILER_GLOBAL_ACCENT_COLOR_NAME = AccentColor;
				CODE_SIGN_ENTITLEMENTS = macOS/macOS.entitlements;
				CODE_SIGN_STYLE = Automatic;
				COMBINE_HIDPI_IMAGES = YES;
				CURRENT_PROJECT_VERSION = 1;
				DEAD_CODE_STRIPPING = YES;
				DEVELOPMENT_TEAM = XD7JAMNS86;
				ENABLE_HARDENED_RUNTIME = YES;
				ENABLE_PREVIEWS = YES;
				GENERATE_INFOPLIST_FILE = YES;
				INFOPLIST_KEY_NSHumanReadableCopyright = "";
				LD_RUNPATH_SEARCH_PATHS = (
					"$(inherited)",
					"@executable_path/../Frameworks",
				);
				MACOSX_DEPLOYMENT_TARGET = 12.3;
				MARKETING_VERSION = 1.0;
				PRODUCT_BUNDLE_IDENTIFIER = com.woodystudio.woodycamera.woodycamera;
				PRODUCT_NAME = woodycamera;
				SDKROOT = macosx;
				SWIFT_EMIT_LOC_STRINGS = YES;
				SWIFT_VERSION = 5.0;
			};
			name = Debug;
		};
		5704782B28844AA500A676EB /* Release */ = {
			isa = XCBuildConfiguration;
			buildSettings = {
				ASSETCATALOG_COMPILER_APPICON_NAME = AppIcon;
				ASSETCATALOG_COMPILER_GLOBAL_ACCENT_COLOR_NAME = AccentColor;
				CODE_SIGN_ENTITLEMENTS = macOS/macOS.entitlements;
				CODE_SIGN_STYLE = Automatic;
				COMBINE_HIDPI_IMAGES = YES;
				CURRENT_PROJECT_VERSION = 1;
				DEAD_CODE_STRIPPING = YES;
				DEVELOPMENT_TEAM = XD7JAMNS86;
				ENABLE_HARDENED_RUNTIME = YES;
				ENABLE_PREVIEWS = YES;
				GENERATE_INFOPLIST_FILE = YES;
				INFOPLIST_KEY_NSHumanReadableCopyright = "";
				LD_RUNPATH_SEARCH_PATHS = (
					"$(inherited)",
					"@executable_path/../Frameworks",
				);
				MACOSX_DEPLOYMENT_TARGET = 12.3;
				MARKETING_VERSION = 1.0;
				PRODUCT_BUNDLE_IDENTIFIER = com.woodystudio.woodycamera.woodycamera;
				PRODUCT_NAME = woodycamera;
				SDKROOT = macosx;
				SWIFT_EMIT_LOC_STRINGS = YES;
				SWIFT_VERSION = 5.0;
			};
			name = Release;
		};
		5704782D28844AA500A676EB /* Debug */ = {
			isa = XCBuildConfiguration;
			buildSettings = {
				ALWAYS_EMBED_SWIFT_STANDARD_LIBRARIES = YES;
				CODE_SIGN_STYLE = Automatic;
				CURRENT_PROJECT_VERSION = 1;
				DEVELOPMENT_TEAM = XD7JAMNS86;
				GENERATE_INFOPLIST_FILE = YES;
				IPHONEOS_DEPLOYMENT_TARGET = 15.5;
				MARKETING_VERSION = 1.0;
				PRODUCT_BUNDLE_IDENTIFIER = "com.woodystudio.woodycamera.Tests-iOS";
				PRODUCT_NAME = "$(TARGET_NAME)";
				SDKROOT = iphoneos;
				SWIFT_EMIT_LOC_STRINGS = NO;
				SWIFT_VERSION = 5.0;
				TARGETED_DEVICE_FAMILY = "1,2";
				TEST_TARGET_NAME = "woodycamera (iOS)";
			};
			name = Debug;
		};
		5704782E28844AA500A676EB /* Release */ = {
			isa = XCBuildConfiguration;
			buildSettings = {
				ALWAYS_EMBED_SWIFT_STANDARD_LIBRARIES = YES;
				CODE_SIGN_STYLE = Automatic;
				CURRENT_PROJECT_VERSION = 1;
				DEVELOPMENT_TEAM = XD7JAMNS86;
				GENERATE_INFOPLIST_FILE = YES;
				IPHONEOS_DEPLOYMENT_TARGET = 15.5;
				MARKETING_VERSION = 1.0;
				PRODUCT_BUNDLE_IDENTIFIER = "com.woodystudio.woodycamera.Tests-iOS";
				PRODUCT_NAME = "$(TARGET_NAME)";
				SDKROOT = iphoneos;
				SWIFT_EMIT_LOC_STRINGS = NO;
				SWIFT_VERSION = 5.0;
				TARGETED_DEVICE_FAMILY = "1,2";
				TEST_TARGET_NAME = "woodycamera (iOS)";
				VALIDATE_PRODUCT = YES;
			};
			name = Release;
		};
		5704783028844AA500A676EB /* Debug */ = {
			isa = XCBuildConfiguration;
			buildSettings = {
				ALWAYS_EMBED_SWIFT_STANDARD_LIBRARIES = YES;
				CODE_SIGN_STYLE = Automatic;
				CURRENT_PROJECT_VERSION = 1;
				DEAD_CODE_STRIPPING = YES;
				DEVELOPMENT_TEAM = XD7JAMNS86;
				GENERATE_INFOPLIST_FILE = YES;
				MACOSX_DEPLOYMENT_TARGET = 12.3;
				MARKETING_VERSION = 1.0;
				PRODUCT_BUNDLE_IDENTIFIER = "com.woodystudio.woodycamera.Tests-macOS";
				PRODUCT_NAME = "$(TARGET_NAME)";
				SDKROOT = macosx;
				SWIFT_EMIT_LOC_STRINGS = NO;
				SWIFT_VERSION = 5.0;
				TEST_TARGET_NAME = "woodycamera (macOS)";
			};
			name = Debug;
		};
		5704783128844AA500A676EB /* Release */ = {
			isa = XCBuildConfiguration;
			buildSettings = {
				ALWAYS_EMBED_SWIFT_STANDARD_LIBRARIES = YES;
				CODE_SIGN_STYLE = Automatic;
				CURRENT_PROJECT_VERSION = 1;
				DEAD_CODE_STRIPPING = YES;
				DEVELOPMENT_TEAM = XD7JAMNS86;
				GENERATE_INFOPLIST_FILE = YES;
				MACOSX_DEPLOYMENT_TARGET = 12.3;
				MARKETING_VERSION = 1.0;
				PRODUCT_BUNDLE_IDENTIFIER = "com.woodystudio.woodycamera.Tests-macOS";
				PRODUCT_NAME = "$(TARGET_NAME)";
				SDKROOT = macosx;
				SWIFT_EMIT_LOC_STRINGS = NO;
				SWIFT_VERSION = 5.0;
				TEST_TARGET_NAME = "woodycamera (macOS)";
			};
			name = Release;
		};
/* End XCBuildConfiguration section */

/* Begin XCConfigurationList section */
		570477ED28844AA200A676EB /* Build configuration list for PBXProject "woodycamera" */ = {
			isa = XCConfigurationList;
			buildConfigurations = (
				5704782428844AA500A676EB /* Debug */,
				5704782528844AA500A676EB /* Release */,
			);
			defaultConfigurationIsVisible = 0;
			defaultConfigurationName = Release;
		};
		5704782628844AA500A676EB /* Build configuration list for PBXNativeTarget "woodycamera (iOS)" */ = {
			isa = XCConfigurationList;
			buildConfigurations = (
				5704782728844AA500A676EB /* Debug */,
				5704782828844AA500A676EB /* Release */,
			);
			defaultConfigurationIsVisible = 0;
			defaultConfigurationName = Release;
		};
		5704782928844AA500A676EB /* Build configuration list for PBXNativeTarget "woodycamera (macOS)" */ = {
			isa = XCConfigurationList;
			buildConfigurations = (
				5704782A28844AA500A676EB /* Debug */,
				5704782B28844AA500A676EB /* Release */,
			);
			defaultConfigurationIsVisible = 0;
			defaultConfigurationName = Release;
		};
		5704782C28844AA500A676EB /* Build configuration list for PBXNativeTarget "Tests iOS" */ = {
			isa = XCConfigurationList;
			buildConfigurations = (
				5704782D28844AA500A676EB /* Debug */,
				5704782E28844AA500A676EB /* Release */,
			);
			defaultConfigurationIsVisible = 0;
			defaultConfigurationName = Release;
		};
		5704782F28844AA500A676EB /* Build configuration list for PBXNativeTarget "Tests macOS" */ = {
			isa = XCConfigurationList;
			buildConfigurations = (
				5704783028844AA500A676EB /* Debug */,
				5704783128844AA500A676EB /* Release */,
			);
			defaultConfigurationIsVisible = 0;
			defaultConfigurationName = Release;
		};
/* End XCConfigurationList section */

/* Begin XCRemoteSwiftPackageReference section */
		570478BA288E448400A676EB /* XCRemoteSwiftPackageReference "swiftui-cached-async-image" */ = {
			isa = XCRemoteSwiftPackageReference;
			repositoryURL = "https://github.com/lorenzofiamingo/swiftui-cached-async-image";
			requirement = {
				kind = upToNextMajorVersion;
				minimumVersion = 2.0.0;
			};
		};
		570478BD28A0E0F800A676EB /* XCRemoteSwiftPackageReference "LBJImagePreviewer" */ = {
			isa = XCRemoteSwiftPackageReference;
			repositoryURL = "https://github.com/Lebron1992/LBJImagePreviewer";
			requirement = {
				kind = upToNextMajorVersion;
				minimumVersion = 1.0.0;
			};
		};
/* End XCRemoteSwiftPackageReference section */

/* Begin XCSwiftPackageProductDependency section */
		570478BB288E448400A676EB /* CachedAsyncImage */ = {
			isa = XCSwiftPackageProductDependency;
			package = 570478BA288E448400A676EB /* XCRemoteSwiftPackageReference "swiftui-cached-async-image" */;
			productName = CachedAsyncImage;
		};
		570478BE28A0E0F800A676EB /* LBJImagePreviewer */ = {
			isa = XCSwiftPackageProductDependency;
			package = 570478BD28A0E0F800A676EB /* XCRemoteSwiftPackageReference "LBJImagePreviewer" */;
			productName = LBJImagePreviewer;
		};
/* End XCSwiftPackageProductDependency section */

/* Begin XCVersionGroup section */
		570477EF28844AA200A676EB /* woodycamera.xcdatamodeld */ = {
			isa = XCVersionGroup;
			children = (
				570477F028844AA200A676EB /* Shared.xcdatamodel */,
			);
			currentVersion = 570477F028844AA200A676EB /* Shared.xcdatamodel */;
			path = woodycamera.xcdatamodeld;
			sourceTree = "<group>";
			versionGroupType = wrapper.xcdatamodel;
		};
/* End XCVersionGroup section */
	};
	rootObject = 570477EA28844AA200A676EB /* Project object */;
}
