// !$*UTF8*$!
{
	archiveVersion = 1;
	classes = {
	};
	objectVersion = 55;
	objects = {

/* Begin PBXBuildFile section */
		5704780B28844AA500A676EB /* Tests_iOS.swift in Sources */ = {isa = PBXBuildFile; fileRef = 5704780A28844AA500A676EB /* Tests_iOS.swift */; };
		5704780D28844AA500A676EB /* Tests_iOSLaunchTests.swift in Sources */ = {isa = PBXBuildFile; fileRef = 5704780C28844AA500A676EB /* Tests_iOSLaunchTests.swift */; };
		5704781728844AA500A676EB /* Tests_macOS.swift in Sources */ = {isa = PBXBuildFile; fileRef = 5704781628844AA500A676EB /* Tests_macOS.swift */; };
		5704781928844AA500A676EB /* Tests_macOSLaunchTests.swift in Sources */ = {isa = PBXBuildFile; fileRef = 5704781828844AA500A676EB /* Tests_macOSLaunchTests.swift */; };
		5704781A28844AA500A676EB /* woodycamera.xcdatamodeld in Sources */ = {isa = PBXBuildFile; fileRef = 570477EF28844AA200A676EB /* woodycamera.xcdatamodeld */; };
		5704781B28844AA500A676EB /* woodycamera.xcdatamodeld in Sources */ = {isa = PBXBuildFile; fileRef = 570477EF28844AA200A676EB /* woodycamera.xcdatamodeld */; };
		5704781C28844AA500A676EB /* woodycameraApp.swift in Sources */ = {isa = PBXBuildFile; fileRef = 570477F128844AA200A676EB /* woodycameraApp.swift */; };
		5704781D28844AA500A676EB /* woodycameraApp.swift in Sources */ = {isa = PBXBuildFile; fileRef = 570477F128844AA200A676EB /* woodycameraApp.swift */; };
		5704781E28844AA500A676EB /* ContentView.swift in Sources */ = {isa = PBXBuildFile; fileRef = 570477F228844AA200A676EB /* ContentView.swift */; };
		5704781F28844AA500A676EB /* ContentView.swift in Sources */ = {isa = PBXBuildFile; fileRef = 570477F228844AA200A676EB /* ContentView.swift */; };
		5704782028844AA500A676EB /* Persistence.swift in Sources */ = {isa = PBXBuildFile; fileRef = 570477F328844AA200A676EB /* Persistence.swift */; };
		5704782128844AA500A676EB /* Persistence.swift in Sources */ = {isa = PBXBuildFile; fileRef = 570477F328844AA200A676EB /* Persistence.swift */; };
		5704782228844AA500A676EB /* Assets.xcassets in Resources */ = {isa = PBXBuildFile; fileRef = 570477F428844AA500A676EB /* Assets.xcassets */; };
		5704782328844AA500A676EB /* Assets.xcassets in Resources */ = {isa = PBXBuildFile; fileRef = 570477F428844AA500A676EB /* Assets.xcassets */; };
		5704783F288527C800A676EB /* grizzly.jpg in Resources */ = {isa = PBXBuildFile; fileRef = 57047836288527C800A676EB /* grizzly.jpg */; };
		57047840288527C800A676EB /* grizzly.jpg in Resources */ = {isa = PBXBuildFile; fileRef = 57047836288527C800A676EB /* grizzly.jpg */; };
		57047841288527C800A676EB /* grizzlyCubs.jpg in Resources */ = {isa = PBXBuildFile; fileRef = 57047837288527C800A676EB /* grizzlyCubs.jpg */; };
		57047842288527C800A676EB /* grizzlyCubs.jpg in Resources */ = {isa = PBXBuildFile; fileRef = 57047837288527C800A676EB /* grizzlyCubs.jpg */; };
		57047843288527C800A676EB /* bobcat.jpg in Resources */ = {isa = PBXBuildFile; fileRef = 57047838288527C800A676EB /* bobcat.jpg */; };
		57047844288527C800A676EB /* bobcat.jpg in Resources */ = {isa = PBXBuildFile; fileRef = 57047838288527C800A676EB /* bobcat.jpg */; };
		57047845288527C800A676EB /* bullElk.jpg in Resources */ = {isa = PBXBuildFile; fileRef = 57047839288527C800A676EB /* bullElk.jpg */; };
		57047846288527C800A676EB /* bullElk.jpg in Resources */ = {isa = PBXBuildFile; fileRef = 57047839288527C800A676EB /* bullElk.jpg */; };
		57047847288527C800A676EB /* doubleRainbowYellowstone.jpg in Resources */ = {isa = PBXBuildFile; fileRef = 5704783A288527C800A676EB /* doubleRainbowYellowstone.jpg */; };
		57047848288527C800A676EB /* doubleRainbowYellowstone.jpg in Resources */ = {isa = PBXBuildFile; fileRef = 5704783A288527C800A676EB /* doubleRainbowYellowstone.jpg */; };
		57047849288527C800A676EB /* bullTuleElkAndTwoFemales.jpg in Resources */ = {isa = PBXBuildFile; fileRef = 5704783B288527C800A676EB /* bullTuleElkAndTwoFemales.jpg */; };
		5704784A288527C800A676EB /* bullTuleElkAndTwoFemales.jpg in Resources */ = {isa = PBXBuildFile; fileRef = 5704783B288527C800A676EB /* bullTuleElkAndTwoFemales.jpg */; };
		5704784B288527C800A676EB /* bullElkSparring.jpg in Resources */ = {isa = PBXBuildFile; fileRef = 5704783C288527C800A676EB /* bullElkSparring.jpg */; };
		5704784C288527C800A676EB /* bullElkSparring.jpg in Resources */ = {isa = PBXBuildFile; fileRef = 5704783C288527C800A676EB /* bullElkSparring.jpg */; };
		5704784D288527C800A676EB /* coyoteAndBison.jpg in Resources */ = {isa = PBXBuildFile; fileRef = 5704783D288527C800A676EB /* coyoteAndBison.jpg */; };
		5704784E288527C800A676EB /* coyoteAndBison.jpg in Resources */ = {isa = PBXBuildFile; fileRef = 5704783D288527C800A676EB /* coyoteAndBison.jpg */; };
		5704784F288527C800A676EB /* doubleRainbowLowerMammoth.jpg in Resources */ = {isa = PBXBuildFile; fileRef = 5704783E288527C800A676EB /* doubleRainbowLowerMammoth.jpg */; };
		57047850288527C800A676EB /* doubleRainbowLowerMammoth.jpg in Resources */ = {isa = PBXBuildFile; fileRef = 5704783E288527C800A676EB /* doubleRainbowLowerMammoth.jpg */; };
		57047852288527FC00A676EB /* GridView.swift in Sources */ = {isa = PBXBuildFile; fileRef = 57047851288527FC00A676EB /* GridView.swift */; };
		57047853288527FC00A676EB /* GridView.swift in Sources */ = {isa = PBXBuildFile; fileRef = 57047851288527FC00A676EB /* GridView.swift */; };
		570478552885281400A676EB /* DataModel.swift in Sources */ = {isa = PBXBuildFile; fileRef = 570478542885281400A676EB /* DataModel.swift */; };
		570478562885281400A676EB /* DataModel.swift in Sources */ = {isa = PBXBuildFile; fileRef = 570478542885281400A676EB /* DataModel.swift */; };
		570478582885285400A676EB /* ImageItem.swift in Sources */ = {isa = PBXBuildFile; fileRef = 570478572885285400A676EB /* ImageItem.swift */; };
		570478592885285400A676EB /* ImageItem.swift in Sources */ = {isa = PBXBuildFile; fileRef = 570478572885285400A676EB /* ImageItem.swift */; };
		5704785B28852B2F00A676EB /* DetailView.swift in Sources */ = {isa = PBXBuildFile; fileRef = 5704785A28852B2F00A676EB /* DetailView.swift */; };
		5704785C28852B2F00A676EB /* DetailView.swift in Sources */ = {isa = PBXBuildFile; fileRef = 5704785A28852B2F00A676EB /* DetailView.swift */; };
		5704785E28852BC500A676EB /* GridItemView.swift in Sources */ = {isa = PBXBuildFile; fileRef = 5704785D28852BC500A676EB /* GridItemView.swift */; };
		5704785F28852BC500A676EB /* GridItemView.swift in Sources */ = {isa = PBXBuildFile; fileRef = 5704785D28852BC500A676EB /* GridItemView.swift */; };
		570478612885A74400A676EB /* ColorExtention.swift in Sources */ = {isa = PBXBuildFile; fileRef = 570478602885A74400A676EB /* ColorExtention.swift */; };
		570478622885A74400A676EB /* ColorExtention.swift in Sources */ = {isa = PBXBuildFile; fileRef = 570478602885A74400A676EB /* ColorExtention.swift */; };
/* End PBXBuildFile section */

/* Begin PBXContainerItemProxy section */
		5704780728844AA500A676EB /* PBXContainerItemProxy */ = {
			isa = PBXContainerItemProxy;
			containerPortal = 570477EA28844AA200A676EB /* Project object */;
			proxyType = 1;
			remoteGlobalIDString = 570477F828844AA500A676EB;
			remoteInfo = "woodycamera (iOS)";
		};
		5704781328844AA500A676EB /* PBXContainerItemProxy */ = {
			isa = PBXContainerItemProxy;
			containerPortal = 570477EA28844AA200A676EB /* Project object */;
			proxyType = 1;
			remoteGlobalIDString = 570477FE28844AA500A676EB;
			remoteInfo = "woodycamera (macOS)";
		};
/* End PBXContainerItemProxy section */

/* Begin PBXFileReference section */
		570477F028844AA200A676EB /* Shared.xcdatamodel */ = {isa = PBXFileReference; lastKnownFileType = wrapper.xcdatamodel; path = Shared.xcdatamodel; sourceTree = "<group>"; };
		570477F128844AA200A676EB /* woodycameraApp.swift */ = {isa = PBXFileReference; lastKnownFileType = sourcecode.swift; path = woodycameraApp.swift; sourceTree = "<group>"; };
		570477F228844AA200A676EB /* ContentView.swift */ = {isa = PBXFileReference; lastKnownFileType = sourcecode.swift; path = ContentView.swift; sourceTree = "<group>"; };
		570477F328844AA200A676EB /* Persistence.swift */ = {isa = PBXFileReference; lastKnownFileType = sourcecode.swift; path = Persistence.swift; sourceTree = "<group>"; };
		570477F428844AA500A676EB /* Assets.xcassets */ = {isa = PBXFileReference; lastKnownFileType = folder.assetcatalog; path = Assets.xcassets; sourceTree = "<group>"; };
		570477F928844AA500A676EB /* woodycamera.app */ = {isa = PBXFileReference; explicitFileType = wrapper.application; includeInIndex = 0; path = woodycamera.app; sourceTree = BUILT_PRODUCTS_DIR; };
		570477FF28844AA500A676EB /* woodycamera.app */ = {isa = PBXFileReference; explicitFileType = wrapper.application; includeInIndex = 0; path = woodycamera.app; sourceTree = BUILT_PRODUCTS_DIR; };
		5704780128844AA500A676EB /* macOS.entitlements */ = {isa = PBXFileReference; lastKnownFileType = text.plist.entitlements; path = macOS.entitlements; sourceTree = "<group>"; };
		5704780628844AA500A676EB /* Tests iOS.xctest */ = {isa = PBXFileReference; explicitFileType = wrapper.cfbundle; includeInIndex = 0; path = "Tests iOS.xctest"; sourceTree = BUILT_PRODUCTS_DIR; };
		5704780A28844AA500A676EB /* Tests_iOS.swift */ = {isa = PBXFileReference; lastKnownFileType = sourcecode.swift; path = Tests_iOS.swift; sourceTree = "<group>"; };
		5704780C28844AA500A676EB /* Tests_iOSLaunchTests.swift */ = {isa = PBXFileReference; lastKnownFileType = sourcecode.swift; path = Tests_iOSLaunchTests.swift; sourceTree = "<group>"; };
		5704781228844AA500A676EB /* Tests macOS.xctest */ = {isa = PBXFileReference; explicitFileType = wrapper.cfbundle; includeInIndex = 0; path = "Tests macOS.xctest"; sourceTree = BUILT_PRODUCTS_DIR; };
		5704781628844AA500A676EB /* Tests_macOS.swift */ = {isa = PBXFileReference; lastKnownFileType = sourcecode.swift; path = Tests_macOS.swift; sourceTree = "<group>"; };
		5704781828844AA500A676EB /* Tests_macOSLaunchTests.swift */ = {isa = PBXFileReference; lastKnownFileType = sourcecode.swift; path = Tests_macOSLaunchTests.swift; sourceTree = "<group>"; };
		57047836288527C800A676EB /* grizzly.jpg */ = {isa = PBXFileReference; lastKnownFileType = image.jpeg; path = grizzly.jpg; sourceTree = "<group>"; };
		57047837288527C800A676EB /* grizzlyCubs.jpg */ = {isa = PBXFileReference; lastKnownFileType = image.jpeg; path = grizzlyCubs.jpg; sourceTree = "<group>"; };
		57047838288527C800A676EB /* bobcat.jpg */ = {isa = PBXFileReference; lastKnownFileType = image.jpeg; path = bobcat.jpg; sourceTree = "<group>"; };
		57047839288527C800A676EB /* bullElk.jpg */ = {isa = PBXFileReference; lastKnownFileType = image.jpeg; path = bullElk.jpg; sourceTree = "<group>"; };
		5704783A288527C800A676EB /* doubleRainbowYellowstone.jpg */ = {isa = PBXFileReference; lastKnownFileType = image.jpeg; path = doubleRainbowYellowstone.jpg; sourceTree = "<group>"; };
		5704783B288527C800A676EB /* bullTuleElkAndTwoFemales.jpg */ = {isa = PBXFileReference; lastKnownFileType = image.jpeg; path = bullTuleElkAndTwoFemales.jpg; sourceTree = "<group>"; };
		5704783C288527C800A676EB /* bullElkSparring.jpg */ = {isa = PBXFileReference; lastKnownFileType = image.jpeg; path = bullElkSparring.jpg; sourceTree = "<group>"; };
		5704783D288527C800A676EB /* coyoteAndBison.jpg */ = {isa = PBXFileReference; lastKnownFileType = image.jpeg; path = coyoteAndBison.jpg; sourceTree = "<group>"; };
		5704783E288527C800A676EB /* doubleRainbowLowerMammoth.jpg */ = {isa = PBXFileReference; lastKnownFileType = image.jpeg; path = doubleRainbowLowerMammoth.jpg; sourceTree = "<group>"; };
		57047851288527FC00A676EB /* GridView.swift */ = {isa = PBXFileReference; lastKnownFileType = sourcecode.swift; path = GridView.swift; sourceTree = "<group>"; };
		570478542885281400A676EB /* DataModel.swift */ = {isa = PBXFileReference; lastKnownFileType = sourcecode.swift; path = DataModel.swift; sourceTree = "<group>"; };
		570478572885285400A676EB /* ImageItem.swift */ = {isa = PBXFileReference; lastKnownFileType = sourcecode.swift; path = ImageItem.swift; sourceTree = "<group>"; };
		5704785A28852B2F00A676EB /* DetailView.swift */ = {isa = PBXFileReference; lastKnownFileType = sourcecode.swift; path = DetailView.swift; sourceTree = "<group>"; };
		5704785D28852BC500A676EB /* GridItemView.swift */ = {isa = PBXFileReference; lastKnownFileType = sourcecode.swift; path = GridItemView.swift; sourceTree = "<group>"; };
		570478602885A74400A676EB /* ColorExtention.swift */ = {isa = PBXFileReference; lastKnownFileType = sourcecode.swift; path = ColorExtention.swift; sourceTree = "<group>"; };
/* End PBXFileReference section */

/* Begin PBXFrameworksBuildPhase section */
		570477F628844AA500A676EB /* Frameworks */ = {
			isa = PBXFrameworksBuildPhase;
			buildActionMask = 2147483647;
			files = (
			);
			runOnlyForDeploymentPostprocessing = 0;
		};
		570477FC28844AA500A676EB /* Frameworks */ = {
			isa = PBXFrameworksBuildPhase;
			buildActionMask = 2147483647;
			files = (
			);
			runOnlyForDeploymentPostprocessing = 0;
		};
		5704780328844AA500A676EB /* Frameworks */ = {
			isa = PBXFrameworksBuildPhase;
			buildActionMask = 2147483647;
			files = (
			);
			runOnlyForDeploymentPostprocessing = 0;
		};
		5704780F28844AA500A676EB /* Frameworks */ = {
			isa = PBXFrameworksBuildPhase;
			buildActionMask = 2147483647;
			files = (
			);
			runOnlyForDeploymentPostprocessing = 0;
		};
/* End PBXFrameworksBuildPhase section */

/* Begin PBXGroup section */
		570477E928844AA200A676EB = {
			isa = PBXGroup;
			children = (
				570478352885279F00A676EB /* Resources */,
				570477EE28844AA200A676EB /* Shared */,
				5704780028844AA500A676EB /* macOS */,
				5704780928844AA500A676EB /* Tests iOS */,
				5704781528844AA500A676EB /* Tests macOS */,
				570477FA28844AA500A676EB /* Products */,
			);
			sourceTree = "<group>";
		};
		570477EE28844AA200A676EB /* Shared */ = {
			isa = PBXGroup;
			children = (
				570477F128844AA200A676EB /* woodycameraApp.swift */,
				570477F228844AA200A676EB /* ContentView.swift */,
				570477F328844AA200A676EB /* Persistence.swift */,
				570477F428844AA500A676EB /* Assets.xcassets */,
				570477EF28844AA200A676EB /* woodycamera.xcdatamodeld */,
				57047851288527FC00A676EB /* GridView.swift */,
				570478542885281400A676EB /* DataModel.swift */,
				570478572885285400A676EB /* ImageItem.swift */,
				5704785A28852B2F00A676EB /* DetailView.swift */,
				5704785D28852BC500A676EB /* GridItemView.swift */,
				570478602885A74400A676EB /* ColorExtention.swift */,
			);
			path = Shared;
			sourceTree = "<group>";
		};
		570477FA28844AA500A676EB /* Products */ = {
			isa = PBXGroup;
			children = (
				570477F928844AA500A676EB /* woodycamera.app */,
				570477FF28844AA500A676EB /* woodycamera.app */,
				5704780628844AA500A676EB /* Tests iOS.xctest */,
				5704781228844AA500A676EB /* Tests macOS.xctest */,
			);
			name = Products;
			sourceTree = "<group>";
		};
		5704780028844AA500A676EB /* macOS */ = {
			isa = PBXGroup;
			children = (
				5704780128844AA500A676EB /* macOS.entitlements */,
			);
			path = macOS;
			sourceTree = "<group>";
		};
		5704780928844AA500A676EB /* Tests iOS */ = {
			isa = PBXGroup;
			children = (
				5704780A28844AA500A676EB /* Tests_iOS.swift */,
				5704780C28844AA500A676EB /* Tests_iOSLaunchTests.swift */,
			);
			path = "Tests iOS";
			sourceTree = "<group>";
		};
		5704781528844AA500A676EB /* Tests macOS */ = {
			isa = PBXGroup;
			children = (
				5704781628844AA500A676EB /* Tests_macOS.swift */,
				5704781828844AA500A676EB /* Tests_macOSLaunchTests.swift */,
			);
			path = "Tests macOS";
			sourceTree = "<group>";
		};
		570478352885279F00A676EB /* Resources */ = {
			isa = PBXGroup;
			children = (
				57047838288527C800A676EB /* bobcat.jpg */,
				57047839288527C800A676EB /* bullElk.jpg */,
				5704783C288527C800A676EB /* bullElkSparring.jpg */,
				5704783B288527C800A676EB /* bullTuleElkAndTwoFemales.jpg */,
				5704783D288527C800A676EB /* coyoteAndBison.jpg */,
				5704783E288527C800A676EB /* doubleRainbowLowerMammoth.jpg */,
				5704783A288527C800A676EB /* doubleRainbowYellowstone.jpg */,
				57047836288527C800A676EB /* grizzly.jpg */,
				57047837288527C800A676EB /* grizzlyCubs.jpg */,
			);
			path = Resources;
			sourceTree = "<group>";
		};
/* End PBXGroup section */

/* Begin PBXNativeTarget section */
		570477F828844AA500A676EB /* woodycamera (iOS) */ = {
			isa = PBXNativeTarget;
			buildConfigurationList = 5704782628844AA500A676EB /* Build configuration list for PBXNativeTarget "woodycamera (iOS)" */;
			buildPhases = (
				570477F528844AA500A676EB /* Sources */,
				570477F628844AA500A676EB /* Frameworks */,
				570477F728844AA500A676EB /* Resources */,
			);
			buildRules = (
			);
			dependencies = (
			);
			name = "woodycamera (iOS)";
			productName = "woodycamera (iOS)";
			productReference = 570477F928844AA500A676EB /* woodycamera.app */;
			productType = "com.apple.product-type.application";
		};
		570477FE28844AA500A676EB /* woodycamera (macOS) */ = {
			isa = PBXNativeTarget;
			buildConfigurationList = 5704782928844AA500A676EB /* Build configuration list for PBXNativeTarget "woodycamera (macOS)" */;
			buildPhases = (
				570477FB28844AA500A676EB /* Sources */,
				570477FC28844AA500A676EB /* Frameworks */,
				570477FD28844AA500A676EB /* Resources */,
			);
			buildRules = (
			);
			dependencies = (
			);
			name = "woodycamera (macOS)";
			productName = "woodycamera (macOS)";
			productReference = 570477FF28844AA500A676EB /* woodycamera.app */;
			productType = "com.apple.product-type.application";
		};
		5704780528844AA500A676EB /* Tests iOS */ = {
			isa = PBXNativeTarget;
			buildConfigurationList = 5704782C28844AA500A676EB /* Build configuration list for PBXNativeTarget "Tests iOS" */;
			buildPhases = (
				5704780228844AA500A676EB /* Sources */,
				5704780328844AA500A676EB /* Frameworks */,
				5704780428844AA500A676EB /* Resources */,
			);
			buildRules = (
			);
			dependencies = (
				5704780828844AA500A676EB /* PBXTargetDependency */,
			);
			name = "Tests iOS";
			productName = "Tests iOS";
			productReference = 5704780628844AA500A676EB /* Tests iOS.xctest */;
			productType = "com.apple.product-type.bundle.ui-testing";
		};
		5704781128844AA500A676EB /* Tests macOS */ = {
			isa = PBXNativeTarget;
			buildConfigurationList = 5704782F28844AA500A676EB /* Build configuration list for PBXNativeTarget "Tests macOS" */;
			buildPhases = (
				5704780E28844AA500A676EB /* Sources */,
				5704780F28844AA500A676EB /* Frameworks */,
				5704781028844AA500A676EB /* Resources */,
			);
			buildRules = (
			);
			dependencies = (
				5704781428844AA500A676EB /* PBXTargetDependency */,
			);
			name = "Tests macOS";
			productName = "Tests macOS";
			productReference = 5704781228844AA500A676EB /* Tests macOS.xctest */;
			productType = "com.apple.product-type.bundle.ui-testing";
		};
/* End PBXNativeTarget section */

/* Begin PBXProject section */
		570477EA28844AA200A676EB /* Project object */ = {
			isa = PBXProject;
			attributes = {
				BuildIndependentTargetsInParallel = 1;
				LastSwiftUpdateCheck = 1340;
				LastUpgradeCheck = 1340;
				TargetAttributes = {
					570477F828844AA500A676EB = {
						CreatedOnToolsVersion = 13.4.1;
					};
					570477FE28844AA500A676EB = {
						CreatedOnToolsVersion = 13.4.1;
					};
					5704780528844AA500A676EB = {
						CreatedOnToolsVersion = 13.4.1;
						TestTargetID = 570477F828844AA500A676EB;
					};
					5704781128844AA500A676EB = {
						CreatedOnToolsVersion = 13.4.1;
						TestTargetID = 570477FE28844AA500A676EB;
					};
				};
			};
			buildConfigurationList = 570477ED28844AA200A676EB /* Build configuration list for PBXProject "woodycamera" */;
			compatibilityVersion = "Xcode 13.0";
			developmentRegion = en;
			hasScannedForEncodings = 0;
			knownRegions = (
				en,
				Base,
			);
			mainGroup = 570477E928844AA200A676EB;
			productRefGroup = 570477FA28844AA500A676EB /* Products */;
			projectDirPath = "";
			projectRoot = "";
			targets = (
				570477F828844AA500A676EB /* woodycamera (iOS) */,
				570477FE28844AA500A676EB /* woodycamera (macOS) */,
				5704780528844AA500A676EB /* Tests iOS */,
				5704781128844AA500A676EB /* Tests macOS */,
			);
		};
/* End PBXProject section */

/* Begin PBXResourcesBuildPhase section */
		570477F728844AA500A676EB /* Resources */ = {
			isa = PBXResourcesBuildPhase;
			buildActionMask = 2147483647;
			files = (
				57047843288527C800A676EB /* bobcat.jpg in Resources */,
				57047847288527C800A676EB /* doubleRainbowYellowstone.jpg in Resources */,
				5704784D288527C800A676EB /* coyoteAndBison.jpg in Resources */,
				57047849288527C800A676EB /* bullTuleElkAndTwoFemales.jpg in Resources */,
				5704784B288527C800A676EB /* bullElkSparring.jpg in Resources */,
				57047845288527C800A676EB /* bullElk.jpg in Resources */,
				57047841288527C800A676EB /* grizzlyCubs.jpg in Resources */,
				5704784F288527C800A676EB /* doubleRainbowLowerMammoth.jpg in Resources */,
				5704782228844AA500A676EB /* Assets.xcassets in Resources */,
				5704783F288527C800A676EB /* grizzly.jpg in Resources */,
			);
			runOnlyForDeploymentPostprocessing = 0;
		};
		570477FD28844AA500A676EB /* Resources */ = {
			isa = PBXResourcesBuildPhase;
			buildActionMask = 2147483647;
			files = (
				57047844288527C800A676EB /* bobcat.jpg in Resources */,
				57047848288527C800A676EB /* doubleRainbowYellowstone.jpg in Resources */,
				5704784E288527C800A676EB /* coyoteAndBison.jpg in Resources */,
				5704784A288527C800A676EB /* bullTuleElkAndTwoFemales.jpg in Resources */,
				5704784C288527C800A676EB /* bullElkSparring.jpg in Resources */,
				57047846288527C800A676EB /* bullElk.jpg in Resources */,
				57047842288527C800A676EB /* grizzlyCubs.jpg in Resources */,
				57047850288527C800A676EB /* doubleRainbowLowerMammoth.jpg in Resources */,
				5704782328844AA500A676EB /* Assets.xcassets in Resources */,
				57047840288527C800A676EB /* grizzly.jpg in Resources */,
			);
			runOnlyForDeploymentPostprocessing = 0;
		};
		5704780428844AA500A676EB /* Resources */ = {
			isa = PBXResourcesBuildPhase;
			buildActionMask = 2147483647;
			files = (
			);
			runOnlyForDeploymentPostprocessing = 0;
		};
		5704781028844AA500A676EB /* Resources */ = {
			isa = PBXResourcesBuildPhase;
			buildActionMask = 2147483647;
			files = (
			);
			runOnlyForDeploymentPostprocessing = 0;
		};
/* End PBXResourcesBuildPhase section */

/* Begin PBXSourcesBuildPhase section */
		570477F528844AA500A676EB /* Sources */ = {
			isa = PBXSourcesBuildPhase;
			buildActionMask = 2147483647;
			files = (
				5704781A28844AA500A676EB /* woodycamera.xcdatamodeld in Sources */,
				5704785E28852BC500A676EB /* GridItemView.swift in Sources */,
				570478612885A74400A676EB /* ColorExtention.swift in Sources */,
				5704785B28852B2F00A676EB /* DetailView.swift in Sources */,
				5704782028844AA500A676EB /* Persistence.swift in Sources */,
				570478582885285400A676EB /* ImageItem.swift in Sources */,
				5704781C28844AA500A676EB /* woodycameraApp.swift in Sources */,
				57047852288527FC00A676EB /* GridView.swift in Sources */,
				5704781E28844AA500A676EB /* ContentView.swift in Sources */,
				570478552885281400A676EB /* DataModel.swift in Sources */,
			);
			runOnlyForDeploymentPostprocessing = 0;
		};
		570477FB28844AA500A676EB /* Sources */ = {
			isa = PBXSourcesBuildPhase;
			buildActionMask = 2147483647;
			files = (
				5704781B28844AA500A676EB /* woodycamera.xcdatamodeld in Sources */,
				5704785F28852BC500A676EB /* GridItemView.swift in Sources */,
				570478622885A74400A676EB /* ColorExtention.swift in Sources */,
				5704785C28852B2F00A676EB /* DetailView.swift in Sources */,
				5704782128844AA500A676EB /* Persistence.swift in Sources */,
				570478592885285400A676EB /* ImageItem.swift in Sources */,
				5704781D28844AA500A676EB /* woodycameraApp.swift in Sources */,
				57047853288527FC00A676EB /* GridView.swift in Sources */,
				5704781F28844AA500A676EB /* ContentView.swift in Sources */,
				570478562885281400A676EB /* DataModel.swift in Sources */,
			);
			runOnlyForDeploymentPostprocessing = 0;
		};
		5704780228844AA500A676EB /* Sources */ = {
			isa = PBXSourcesBuildPhase;
			buildActionMask = 2147483647;
			files = (
				5704780D28844AA500A676EB /* Tests_iOSLaunchTests.swift in Sources */,
				5704780B28844AA500A676EB /* Tests_iOS.swift in Sources */,
			);
			runOnlyForDeploymentPostprocessing = 0;
		};
		5704780E28844AA500A676EB /* Sources */ = {
			isa = PBXSourcesBuildPhase;
			buildActionMask = 2147483647;
			files = (
				5704781928844AA500A676EB /* Tests_macOSLaunchTests.swift in Sources */,
				5704781728844AA500A676EB /* Tests_macOS.swift in Sources */,
			);
			runOnlyForDeploymentPostprocessing = 0;
		};
/* End PBXSourcesBuildPhase section */

/* Begin PBXTargetDependency section */
		5704780828844AA500A676EB /* PBXTargetDependency */ = {
			isa = PBXTargetDependency;
			target = 570477F828844AA500A676EB /* woodycamera (iOS) */;
			targetProxy = 5704780728844AA500A676EB /* PBXContainerItemProxy */;
		};
		5704781428844AA500A676EB /* PBXTargetDependency */ = {
			isa = PBXTargetDependency;
			target = 570477FE28844AA500A676EB /* woodycamera (macOS) */;
			targetProxy = 5704781328844AA500A676EB /* PBXContainerItemProxy */;
		};
/* End PBXTargetDependency section */

/* Begin XCBuildConfiguration section */
		5704782428844AA500A676EB /* Debug */ = {
			isa = XCBuildConfiguration;
			buildSettings = {
				ALWAYS_SEARCH_USER_PATHS = NO;
				CLANG_ANALYZER_NONNULL = YES;
				CLANG_ANALYZER_NUMBER_OBJECT_CONVERSION = YES_AGGRESSIVE;
				CLANG_CXX_LANGUAGE_STANDARD = "gnu++17";
				CLANG_ENABLE_MODULES = YES;
				CLANG_ENABLE_OBJC_ARC = YES;
				CLANG_ENABLE_OBJC_WEAK = YES;
				CLANG_WARN_BLOCK_CAPTURE_AUTORELEASING = YES;
				CLANG_WARN_BOOL_CONVERSION = YES;
				CLANG_WARN_COMMA = YES;
				CLANG_WARN_CONSTANT_CONVERSION = YES;
				CLANG_WARN_DEPRECATED_OBJC_IMPLEMENTATIONS = YES;
				CLANG_WARN_DIRECT_OBJC_ISA_USAGE = YES_ERROR;
				CLANG_WARN_DOCUMENTATION_COMMENTS = YES;
				CLANG_WARN_EMPTY_BODY = YES;
				CLANG_WARN_ENUM_CONVERSION = YES;
				CLANG_WARN_INFINITE_RECURSION = YES;
				CLANG_WARN_INT_CONVERSION = YES;
				CLANG_WARN_NON_LITERAL_NULL_CONVERSION = YES;
				CLANG_WARN_OBJC_IMPLICIT_RETAIN_SELF = YES;
				CLANG_WARN_OBJC_LITERAL_CONVERSION = YES;
				CLANG_WARN_OBJC_ROOT_CLASS = YES_ERROR;
				CLANG_WARN_QUOTED_INCLUDE_IN_FRAMEWORK_HEADER = YES;
				CLANG_WARN_RANGE_LOOP_ANALYSIS = YES;
				CLANG_WARN_STRICT_PROTOTYPES = YES;
				CLANG_WARN_SUSPICIOUS_MOVE = YES;
				CLANG_WARN_UNGUARDED_AVAILABILITY = YES_AGGRESSIVE;
				CLANG_WARN_UNREACHABLE_CODE = YES;
				CLANG_WARN__DUPLICATE_METHOD_MATCH = YES;
				COPY_PHASE_STRIP = NO;
				DEBUG_INFORMATION_FORMAT = dwarf;
				ENABLE_STRICT_OBJC_MSGSEND = YES;
				ENABLE_TESTABILITY = YES;
				GCC_C_LANGUAGE_STANDARD = gnu11;
				GCC_DYNAMIC_NO_PIC = NO;
				GCC_NO_COMMON_BLOCKS = YES;
				GCC_OPTIMIZATION_LEVEL = 0;
				GCC_PREPROCESSOR_DEFINITIONS = (
					"DEBUG=1",
					"$(inherited)",
				);
				GCC_WARN_64_TO_32_BIT_CONVERSION = YES;
				GCC_WARN_ABOUT_RETURN_TYPE = YES_ERROR;
				GCC_WARN_UNDECLARED_SELECTOR = YES;
				GCC_WARN_UNINITIALIZED_AUTOS = YES_AGGRESSIVE;
				GCC_WARN_UNUSED_FUNCTION = YES;
				GCC_WARN_UNUSED_VARIABLE = YES;
				MTL_ENABLE_DEBUG_INFO = INCLUDE_SOURCE;
				MTL_FAST_MATH = YES;
				ONLY_ACTIVE_ARCH = YES;
				SWIFT_ACTIVE_COMPILATION_CONDITIONS = DEBUG;
				SWIFT_OPTIMIZATION_LEVEL = "-Onone";
			};
			name = Debug;
		};
		5704782528844AA500A676EB /* Release */ = {
			isa = XCBuildConfiguration;
			buildSettings = {
				ALWAYS_SEARCH_USER_PATHS = NO;
				CLANG_ANALYZER_NONNULL = YES;
				CLANG_ANALYZER_NUMBER_OBJECT_CONVERSION = YES_AGGRESSIVE;
				CLANG_CXX_LANGUAGE_STANDARD = "gnu++17";
				CLANG_ENABLE_MODULES = YES;
				CLANG_ENABLE_OBJC_ARC = YES;
				CLANG_ENABLE_OBJC_WEAK = YES;
				CLANG_WARN_BLOCK_CAPTURE_AUTORELEASING = YES;
				CLANG_WARN_BOOL_CONVERSION = YES;
				CLANG_WARN_COMMA = YES;
				CLANG_WARN_CONSTANT_CONVERSION = YES;
				CLANG_WARN_DEPRECATED_OBJC_IMPLEMENTATIONS = YES;
				CLANG_WARN_DIRECT_OBJC_ISA_USAGE = YES_ERROR;
				CLANG_WARN_DOCUMENTATION_COMMENTS = YES;
				CLANG_WARN_EMPTY_BODY = YES;
				CLANG_WARN_ENUM_CONVERSION = YES;
				CLANG_WARN_INFINITE_RECURSION = YES;
				CLANG_WARN_INT_CONVERSION = YES;
				CLANG_WARN_NON_LITERAL_NULL_CONVERSION = YES;
				CLANG_WARN_OBJC_IMPLICIT_RETAIN_SELF = YES;
				CLANG_WARN_OBJC_LITERAL_CONVERSION = YES;
				CLANG_WARN_OBJC_ROOT_CLASS = YES_ERROR;
				CLANG_WARN_QUOTED_INCLUDE_IN_FRAMEWORK_HEADER = YES;
				CLANG_WARN_RANGE_LOOP_ANALYSIS = YES;
				CLANG_WARN_STRICT_PROTOTYPES = YES;
				CLANG_WARN_SUSPICIOUS_MOVE = YES;
				CLANG_WARN_UNGUARDED_AVAILABILITY = YES_AGGRESSIVE;
				CLANG_WARN_UNREACHABLE_CODE = YES;
				CLANG_WARN__DUPLICATE_METHOD_MATCH = YES;
				COPY_PHASE_STRIP = NO;
				DEBUG_INFORMATION_FORMAT = "dwarf-with-dsym";
				ENABLE_NS_ASSERTIONS = NO;
				ENABLE_STRICT_OBJC_MSGSEND = YES;
				GCC_C_LANGUAGE_STANDARD = gnu11;
				GCC_NO_COMMON_BLOCKS = YES;
				GCC_WARN_64_TO_32_BIT_CONVERSION = YES;
				GCC_WARN_ABOUT_RETURN_TYPE = YES_ERROR;
				GCC_WARN_UNDECLARED_SELECTOR = YES;
				GCC_WARN_UNINITIALIZED_AUTOS = YES_AGGRESSIVE;
				GCC_WARN_UNUSED_FUNCTION = YES;
				GCC_WARN_UNUSED_VARIABLE = YES;
				MTL_ENABLE_DEBUG_INFO = NO;
				MTL_FAST_MATH = YES;
				SWIFT_COMPILATION_MODE = wholemodule;
				SWIFT_OPTIMIZATION_LEVEL = "-O";
			};
			name = Release;
		};
		5704782728844AA500A676EB /* Debug */ = {
			isa = XCBuildConfiguration;
			buildSettings = {
				ASSETCATALOG_COMPILER_APPICON_NAME = AppIcon;
				ASSETCATALOG_COMPILER_GLOBAL_ACCENT_COLOR_NAME = AccentColor;
				CODE_SIGN_STYLE = Automatic;
				CURRENT_PROJECT_VERSION = 1;
				DEVELOPMENT_TEAM = XD7JAMNS86;
				ENABLE_PREVIEWS = YES;
				GENERATE_INFOPLIST_FILE = YES;
				INFOPLIST_KEY_CFBundleDisplayName = "Woody的相机";
				INFOPLIST_KEY_UIApplicationSceneManifest_Generation = YES;
				INFOPLIST_KEY_UIApplicationSupportsIndirectInputEvents = YES;
				INFOPLIST_KEY_UILaunchScreen_Generation = YES;
				INFOPLIST_KEY_UISupportedInterfaceOrientations = "UIInterfaceOrientationPortraitUpsideDown UIInterfaceOrientationPortrait";
				INFOPLIST_KEY_UISupportedInterfaceOrientations_iPad = "UIInterfaceOrientationPortrait UIInterfaceOrientationPortraitUpsideDown UIInterfaceOrientationLandscapeLeft UIInterfaceOrientationLandscapeRight";
				INFOPLIST_KEY_UISupportedInterfaceOrientations_iPhone = "UIInterfaceOrientationPortrait UIInterfaceOrientationLandscapeLeft UIInterfaceOrientationLandscapeRight";
				IPHONEOS_DEPLOYMENT_TARGET = 15.5;
				LD_RUNPATH_SEARCH_PATHS = (
					"$(inherited)",
					"@executable_path/Frameworks",
				);
				MARKETING_VERSION = 1.0;
				PRODUCT_BUNDLE_IDENTIFIER = com.woodystudio.woodycamera.woodycamera;
				PRODUCT_NAME = woodycamera;
				SDKROOT = iphoneos;
				SWIFT_EMIT_LOC_STRINGS = YES;
				SWIFT_VERSION = 5.0;
				TARGETED_DEVICE_FAMILY = "1,2";
			};
			name = Debug;
		};
		5704782828844AA500A676EB /* Release */ = {
			isa = XCBuildConfiguration;
			buildSettings = {
				ASSETCATALOG_COMPILER_APPICON_NAME = AppIcon;
				ASSETCATALOG_COMPILER_GLOBAL_ACCENT_COLOR_NAME = AccentColor;
				CODE_SIGN_STYLE = Automatic;
				CURRENT_PROJECT_VERSION = 1;
				DEVELOPMENT_TEAM = XD7JAMNS86;
				ENABLE_PREVIEWS = YES;
				GENERATE_INFOPLIST_FILE = YES;
				INFOPLIST_KEY_CFBundleDisplayName = "Woody的相机";
				INFOPLIST_KEY_UIApplicationSceneManifest_Generation = YES;
				INFOPLIST_KEY_UIApplicationSupportsIndirectInputEvents = YES;
				INFOPLIST_KEY_UILaunchScreen_Generation = YES;
				INFOPLIST_KEY_UISupportedInterfaceOrientations = "UIInterfaceOrientationPortraitUpsideDown UIInterfaceOrientationPortrait";
				INFOPLIST_KEY_UISupportedInterfaceOrientations_iPad = "UIInterfaceOrientationPortrait UIInterfaceOrientationPortraitUpsideDown UIInterfaceOrientationLandscapeLeft UIInterfaceOrientationLandscapeRight";
				INFOPLIST_KEY_UISupportedInterfaceOrientations_iPhone = "UIInterfaceOrientationPortrait UIInterfaceOrientationLandscapeLeft UIInterfaceOrientationLandscapeRight";
				IPHONEOS_DEPLOYMENT_TARGET = 15.5;
				LD_RUNPATH_SEARCH_PATHS = (
					"$(inherited)",
					"@executable_path/Frameworks",
				);
				MARKETING_VERSION = 1.0;
				PRODUCT_BUNDLE_IDENTIFIER = com.woodystudio.woodycamera.woodycamera;
				PRODUCT_NAME = woodycamera;
				SDKROOT = iphoneos;
				SWIFT_EMIT_LOC_STRINGS = YES;
				SWIFT_VERSION = 5.0;
				TARGETED_DEVICE_FAMILY = "1,2";
				VALIDATE_PRODUCT = YES;
			};
			name = Release;
		};
		5704782A28844AA500A676EB /* Debug */ = {
			isa = XCBuildConfiguration;
			buildSettings = {
				ASSETCATALOG_COMPILER_APPICON_NAME = AppIcon;
				ASSETCATALOG_COMPILER_GLOBAL_ACCENT_COLOR_NAME = AccentColor;
				CODE_SIGN_ENTITLEMENTS = macOS/macOS.entitlements;
				CODE_SIGN_STYLE = Automatic;
				COMBINE_HIDPI_IMAGES = YES;
				CURRENT_PROJECT_VERSION = 1;
				DEVELOPMENT_TEAM = XD7JAMNS86;
				ENABLE_HARDENED_RUNTIME = YES;
				ENABLE_PREVIEWS = YES;
				GENERATE_INFOPLIST_FILE = YES;
				INFOPLIST_KEY_NSHumanReadableCopyright = "";
				LD_RUNPATH_SEARCH_PATHS = (
					"$(inherited)",
					"@executable_path/../Frameworks",
				);
				MACOSX_DEPLOYMENT_TARGET = 12.3;
				MARKETING_VERSION = 1.0;
				PRODUCT_BUNDLE_IDENTIFIER = com.woodystudio.woodycamera.woodycamera;
				PRODUCT_NAME = woodycamera;
				SDKROOT = macosx;
				SWIFT_EMIT_LOC_STRINGS = YES;
				SWIFT_VERSION = 5.0;
			};
			name = Debug;
		};
		5704782B28844AA500A676EB /* Release */ = {
			isa = XCBuildConfiguration;
			buildSettings = {
				ASSETCATALOG_COMPILER_APPICON_NAME = AppIcon;
				ASSETCATALOG_COMPILER_GLOBAL_ACCENT_COLOR_NAME = AccentColor;
				CODE_SIGN_ENTITLEMENTS = macOS/macOS.entitlements;
				CODE_SIGN_STYLE = Automatic;
				COMBINE_HIDPI_IMAGES = YES;
				CURRENT_PROJECT_VERSION = 1;
				DEVELOPMENT_TEAM = XD7JAMNS86;
				ENABLE_HARDENED_RUNTIME = YES;
				ENABLE_PREVIEWS = YES;
				GENERATE_INFOPLIST_FILE = YES;
				INFOPLIST_KEY_NSHumanReadableCopyright = "";
				LD_RUNPATH_SEARCH_PATHS = (
					"$(inherited)",
					"@executable_path/../Frameworks",
				);
				MACOSX_DEPLOYMENT_TARGET = 12.3;
				MARKETING_VERSION = 1.0;
				PRODUCT_BUNDLE_IDENTIFIER = com.woodystudio.woodycamera.woodycamera;
				PRODUCT_NAME = woodycamera;
				SDKROOT = macosx;
				SWIFT_EMIT_LOC_STRINGS = YES;
				SWIFT_VERSION = 5.0;
			};
			name = Release;
		};
		5704782D28844AA500A676EB /* Debug */ = {
			isa = XCBuildConfiguration;
			buildSettings = {
				ALWAYS_EMBED_SWIFT_STANDARD_LIBRARIES = YES;
				CODE_SIGN_STYLE = Automatic;
				CURRENT_PROJECT_VERSION = 1;
				DEVELOPMENT_TEAM = XD7JAMNS86;
				GENERATE_INFOPLIST_FILE = YES;
				IPHONEOS_DEPLOYMENT_TARGET = 15.5;
				MARKETING_VERSION = 1.0;
				PRODUCT_BUNDLE_IDENTIFIER = "com.woodystudio.woodycamera.Tests-iOS";
				PRODUCT_NAME = "$(TARGET_NAME)";
				SDKROOT = iphoneos;
				SWIFT_EMIT_LOC_STRINGS = NO;
				SWIFT_VERSION = 5.0;
				TARGETED_DEVICE_FAMILY = "1,2";
				TEST_TARGET_NAME = "woodycamera (iOS)";
			};
			name = Debug;
		};
		5704782E28844AA500A676EB /* Release */ = {
			isa = XCBuildConfiguration;
			buildSettings = {
				ALWAYS_EMBED_SWIFT_STANDARD_LIBRARIES = YES;
				CODE_SIGN_STYLE = Automatic;
				CURRENT_PROJECT_VERSION = 1;
				DEVELOPMENT_TEAM = XD7JAMNS86;
				GENERATE_INFOPLIST_FILE = YES;
				IPHONEOS_DEPLOYMENT_TARGET = 15.5;
				MARKETING_VERSION = 1.0;
				PRODUCT_BUNDLE_IDENTIFIER = "com.woodystudio.woodycamera.Tests-iOS";
				PRODUCT_NAME = "$(TARGET_NAME)";
				SDKROOT = iphoneos;
				SWIFT_EMIT_LOC_STRINGS = NO;
				SWIFT_VERSION = 5.0;
				TARGETED_DEVICE_FAMILY = "1,2";
				TEST_TARGET_NAME = "woodycamera (iOS)";
				VALIDATE_PRODUCT = YES;
			};
			name = Release;
		};
		5704783028844AA500A676EB /* Debug */ = {
			isa = XCBuildConfiguration;
			buildSettings = {
				ALWAYS_EMBED_SWIFT_STANDARD_LIBRARIES = YES;
				CODE_SIGN_STYLE = Automatic;
				CURRENT_PROJECT_VERSION = 1;
				DEVELOPMENT_TEAM = XD7JAMNS86;
				GENERATE_INFOPLIST_FILE = YES;
				MACOSX_DEPLOYMENT_TARGET = 12.3;
				MARKETING_VERSION = 1.0;
				PRODUCT_BUNDLE_IDENTIFIER = "com.woodystudio.woodycamera.Tests-macOS";
				PRODUCT_NAME = "$(TARGET_NAME)";
				SDKROOT = macosx;
				SWIFT_EMIT_LOC_STRINGS = NO;
				SWIFT_VERSION = 5.0;
				TEST_TARGET_NAME = "woodycamera (macOS)";
			};
			name = Debug;
		};
		5704783128844AA500A676EB /* Release */ = {
			isa = XCBuildConfiguration;
			buildSettings = {
				ALWAYS_EMBED_SWIFT_STANDARD_LIBRARIES = YES;
				CODE_SIGN_STYLE = Automatic;
				CURRENT_PROJECT_VERSION = 1;
				DEVELOPMENT_TEAM = XD7JAMNS86;
				GENERATE_INFOPLIST_FILE = YES;
				MACOSX_DEPLOYMENT_TARGET = 12.3;
				MARKETING_VERSION = 1.0;
				PRODUCT_BUNDLE_IDENTIFIER = "com.woodystudio.woodycamera.Tests-macOS";
				PRODUCT_NAME = "$(TARGET_NAME)";
				SDKROOT = macosx;
				SWIFT_EMIT_LOC_STRINGS = NO;
				SWIFT_VERSION = 5.0;
				TEST_TARGET_NAME = "woodycamera (macOS)";
			};
			name = Release;
		};
/* End XCBuildConfiguration section */

/* Begin XCConfigurationList section */
		570477ED28844AA200A676EB /* Build configuration list for PBXProject "woodycamera" */ = {
			isa = XCConfigurationList;
			buildConfigurations = (
				5704782428844AA500A676EB /* Debug */,
				5704782528844AA500A676EB /* Release */,
			);
			defaultConfigurationIsVisible = 0;
			defaultConfigurationName = Release;
		};
		5704782628844AA500A676EB /* Build configuration list for PBXNativeTarget "woodycamera (iOS)" */ = {
			isa = XCConfigurationList;
			buildConfigurations = (
				5704782728844AA500A676EB /* Debug */,
				5704782828844AA500A676EB /* Release */,
			);
			defaultConfigurationIsVisible = 0;
			defaultConfigurationName = Release;
		};
		5704782928844AA500A676EB /* Build configuration list for PBXNativeTarget "woodycamera (macOS)" */ = {
			isa = XCConfigurationList;
			buildConfigurations = (
				5704782A28844AA500A676EB /* Debug */,
				5704782B28844AA500A676EB /* Release */,
			);
			defaultConfigurationIsVisible = 0;
			defaultConfigurationName = Release;
		};
		5704782C28844AA500A676EB /* Build configuration list for PBXNativeTarget "Tests iOS" */ = {
			isa = XCConfigurationList;
			buildConfigurations = (
				5704782D28844AA500A676EB /* Debug */,
				5704782E28844AA500A676EB /* Release */,
			);
			defaultConfigurationIsVisible = 0;
			defaultConfigurationName = Release;
		};
		5704782F28844AA500A676EB /* Build configuration list for PBXNativeTarget "Tests macOS" */ = {
			isa = XCConfigurationList;
			buildConfigurations = (
				5704783028844AA500A676EB /* Debug */,
				5704783128844AA500A676EB /* Release */,
			);
			defaultConfigurationIsVisible = 0;
			defaultConfigurationName = Release;
		};
/* End XCConfigurationList section */

/* Begin XCVersionGroup section */
		570477EF28844AA200A676EB /* woodycamera.xcdatamodeld */ = {
			isa = XCVersionGroup;
			children = (
				570477F028844AA200A676EB /* Shared.xcdatamodel */,
			);
			currentVersion = 570477F028844AA200A676EB /* Shared.xcdatamodel */;
			path = woodycamera.xcdatamodeld;
			sourceTree = "<group>";
			versionGroupType = wrapper.xcdatamodel;
		};
/* End XCVersionGroup section */
	};
	rootObject = 570477EA28844AA200A676EB /* Project object */;
}
